// !$*UTF8*$!
{
	archiveVersion = 1;
	classes = {
	};
	objectVersion = 46;
	objects = {

/* Begin PBXBuildFile section */
		0000C02E16AD576C0009BE81 /* MYTMovieCell.m in Sources */ = {isa = PBXBuildFile; fileRef = 0000C02D16AD576C0009BE81 /* MYTMovieCell.m */; };
		0000C03116AD577D0009BE81 /* MYTMovieCell.xib in Resources */ = {isa = PBXBuildFile; fileRef = 0000C03016AD577D0009BE81 /* MYTMovieCell.xib */; };
		0000C05316ADEAB10009BE81 /* MMMoviesPlaylist.m in Sources */ = {isa = PBXBuildFile; fileRef = 0000C04B16ADEAB10009BE81 /* MMMoviesPlaylist.m */; };
		0000C05416ADEAB10009BE81 /* MMTVShow.m in Sources */ = {isa = PBXBuildFile; fileRef = 0000C04E16ADEAB10009BE81 /* MMTVShow.m */; };
		0000C05516ADEAB10009BE81 /* MMTVShowPlaylist.m in Sources */ = {isa = PBXBuildFile; fileRef = 0000C05016ADEAB10009BE81 /* MMTVShowPlaylist.m */; };
		0000C05616ADEAB10009BE81 /* MMTVShowSeason.m in Sources */ = {isa = PBXBuildFile; fileRef = 0000C05216ADEAB10009BE81 /* MMTVShowSeason.m */; };
		0000C07416ADF0430009BE81 /* Unplayed.png in Resources */ = {isa = PBXBuildFile; fileRef = 0000C07016ADF0430009BE81 /* Unplayed.png */; };
		0000C07516ADF0430009BE81 /* Unplayed@2x.png in Resources */ = {isa = PBXBuildFile; fileRef = 0000C07116ADF0430009BE81 /* Unplayed@2x.png */; };
		0028484814AFF2CD003F5818 /* CircleCheckBox.png in Resources */ = {isa = PBXBuildFile; fileRef = 0028484414AFF2CD003F5818 /* CircleCheckBox.png */; };
		0028484914AFF2CD003F5818 /* CircleCheckBox@2x.png in Resources */ = {isa = PBXBuildFile; fileRef = 0028484514AFF2CD003F5818 /* CircleCheckBox@2x.png */; };
		0028484A14AFF2CD003F5818 /* IconCheckMark.png in Resources */ = {isa = PBXBuildFile; fileRef = 0028484614AFF2CD003F5818 /* IconCheckMark.png */; };
		0028484B14AFF2CD003F5818 /* IconCheckMark@2x.png in Resources */ = {isa = PBXBuildFile; fileRef = 0028484714AFF2CD003F5818 /* IconCheckMark@2x.png */; };
		002A0AE61324549D00320A06 /* UIKit.framework in Frameworks */ = {isa = PBXBuildFile; fileRef = 002A0AE51324549D00320A06 /* UIKit.framework */; };
		002A0AE81324549D00320A06 /* Foundation.framework in Frameworks */ = {isa = PBXBuildFile; fileRef = 002A0AE71324549D00320A06 /* Foundation.framework */; };
		002A0AEA1324549D00320A06 /* CoreGraphics.framework in Frameworks */ = {isa = PBXBuildFile; fileRef = 002A0AE91324549D00320A06 /* CoreGraphics.framework */; };
		0072341716AC0FE9008C1623 /* MMContentAssembler+Client.m in Sources */ = {isa = PBXBuildFile; fileRef = 0072339A16AC0FE9008C1623 /* MMContentAssembler+Client.m */; };
		0072341816AC0FE9008C1623 /* MMTitleAssembler+Client.m in Sources */ = {isa = PBXBuildFile; fileRef = 0072339C16AC0FE9008C1623 /* MMTitleAssembler+Client.m */; };
		0072341A16AC0FE9008C1623 /* MMRemoteEncoder.m in Sources */ = {isa = PBXBuildFile; fileRef = 007233A216AC0FE9008C1623 /* MMRemoteEncoder.m */; };
		0072341D16AC0FE9008C1623 /* MYTServer.m in Sources */ = {isa = PBXBuildFile; fileRef = 007233AB16AC0FE9008C1623 /* MYTServer.m */; };
		0072342516AC0FE9008C1623 /* NSNumber+NSNumber_NonZero.m in Sources */ = {isa = PBXBuildFile; fileRef = 007233BA16AC0FE9008C1623 /* NSNumber+NSNumber_NonZero.m */; };
		0072342616AC0FE9008C1623 /* NSString+Converteer.m in Sources */ = {isa = PBXBuildFile; fileRef = 007233BC16AC0FE9008C1623 /* NSString+Converteer.m */; };
		0072342716AC0FE9008C1623 /* MYTHomeView.m in Sources */ = {isa = PBXBuildFile; fileRef = 007233C016AC0FE9008C1623 /* MYTHomeView.m */; };
		0072342816AC0FE9008C1623 /* MYTHomeViewController_iPad.xib in Resources */ = {isa = PBXBuildFile; fileRef = 007233C116AC0FE9008C1623 /* MYTHomeViewController_iPad.xib */; };
		0072342916AC0FE9008C1623 /* MYTHomeViewController_iPhone.xib in Resources */ = {isa = PBXBuildFile; fileRef = 007233C216AC0FE9008C1623 /* MYTHomeViewController_iPhone.xib */; };
		0072342A16AC0FE9008C1623 /* MYTHomeViewController.m in Sources */ = {isa = PBXBuildFile; fileRef = 007233C416AC0FE9008C1623 /* MYTHomeViewController.m */; };
		0072342B16AC0FE9008C1623 /* MMLoadingView.m in Sources */ = {isa = PBXBuildFile; fileRef = 007233C716AC0FE9008C1623 /* MMLoadingView.m */; };
		0072349716AC19D3008C1623 /* InfoPlist.strings in Resources */ = {isa = PBXBuildFile; fileRef = 0072348F16AC19D3008C1623 /* InfoPlist.strings */; };
		0072349816AC19D3008C1623 /* main.m in Sources */ = {isa = PBXBuildFile; fileRef = 0072349016AC19D3008C1623 /* main.m */; };
		0072349916AC19D3008C1623 /* MainWindow_iPad.xib in Resources */ = {isa = PBXBuildFile; fileRef = 0072349116AC19D3008C1623 /* MainWindow_iPad.xib */; };
		0072349A16AC19D3008C1623 /* MainWindow_iPhone.xib in Resources */ = {isa = PBXBuildFile; fileRef = 0072349216AC19D3008C1623 /* MainWindow_iPhone.xib */; };
		0072349B16AC19D3008C1623 /* MYTAppDelegate.m in Sources */ = {isa = PBXBuildFile; fileRef = 0072349416AC19D3008C1623 /* MYTAppDelegate.m */; };
		0072361A16ACF82B008C1623 /* MYTServerStore.m in Sources */ = {isa = PBXBuildFile; fileRef = 0072361916ACF82B008C1623 /* MYTServerStore.m */; };
		0072365A16AD0818008C1623 /* MYTServerView_iPad.xib in Resources */ = {isa = PBXBuildFile; fileRef = 0072365616AD0815008C1623 /* MYTServerView_iPad.xib */; };
		0072365B16AD0818008C1623 /* MYTServerView_iPhone.xib in Resources */ = {isa = PBXBuildFile; fileRef = 0072365716AD0816008C1623 /* MYTServerView_iPhone.xib */; };
		0072365C16AD0818008C1623 /* MYTServerView.m in Sources */ = {isa = PBXBuildFile; fileRef = 0072365916AD0817008C1623 /* MYTServerView.m */; };
		0072367A16AD14C1008C1623 /* MYTLibrarySplitViewController.m in Sources */ = {isa = PBXBuildFile; fileRef = 0072367916AD14C1008C1623 /* MYTLibrarySplitViewController.m */; };
		0072367C16AD14F4008C1623 /* MYTLibrarySplitViewController.xib in Resources */ = {isa = PBXBuildFile; fileRef = 0072367B16AD14F4008C1623 /* MYTLibrarySplitViewController.xib */; };
		0072369216AD17BA008C1623 /* MYTLibraryListViewController.m in Sources */ = {isa = PBXBuildFile; fileRef = 0072369016AD17B9008C1623 /* MYTLibraryListViewController.m */; };
		0072369316AD17BA008C1623 /* MYTLibraryListViewController.xib in Resources */ = {isa = PBXBuildFile; fileRef = 0072369116AD17B9008C1623 /* MYTLibraryListViewController.xib */; };
		007236EB16AD444A008C1623 /* MYTLibraryStore.m in Sources */ = {isa = PBXBuildFile; fileRef = 007236EA16AD444A008C1623 /* MYTLibraryStore.m */; };
		007236EE16AD4745008C1623 /* MYTPlaylistCell.m in Sources */ = {isa = PBXBuildFile; fileRef = 007236ED16AD4744008C1623 /* MYTPlaylistCell.m */; };
		007236F016AD47B7008C1623 /* MMPlaylistCell.xib in Resources */ = {isa = PBXBuildFile; fileRef = 007236EF16AD47B6008C1623 /* MMPlaylistCell.xib */; };
		0072373016AD54CF008C1623 /* MYTPlaylistViewController.m in Sources */ = {isa = PBXBuildFile; fileRef = 0072372F16AD54CE008C1623 /* MYTPlaylistViewController.m */; };
		0072373216AD54E8008C1623 /* MYTPlaylistViewController.xib in Resources */ = {isa = PBXBuildFile; fileRef = 0072373116AD54E4008C1623 /* MYTPlaylistViewController.xib */; };
		0072373916AD573F008C1623 /* MYTMoviePlaylistDataSource.m in Sources */ = {isa = PBXBuildFile; fileRef = 0072373816AD573F008C1623 /* MYTMoviePlaylistDataSource.m */; };
		A3221172AA3E4E608F1F916D /* libPods.a in Frameworks */ = {isa = PBXBuildFile; fileRef = 01277D429E354F1F98E38650 /* libPods.a */; };
/* End PBXBuildFile section */

/* Begin PBXFileReference section */
		0000C02C16AD576C0009BE81 /* MYTMovieCell.h */ = {isa = PBXFileReference; fileEncoding = 4; lastKnownFileType = sourcecode.c.h; path = MYTMovieCell.h; sourceTree = "<group>"; };
		0000C02D16AD576C0009BE81 /* MYTMovieCell.m */ = {isa = PBXFileReference; fileEncoding = 4; lastKnownFileType = sourcecode.c.objc; path = MYTMovieCell.m; sourceTree = "<group>"; };
		0000C03016AD577D0009BE81 /* MYTMovieCell.xib */ = {isa = PBXFileReference; fileEncoding = 4; lastKnownFileType = file.xib; path = MYTMovieCell.xib; sourceTree = "<group>"; };
		0000C04A16ADEAB10009BE81 /* MMMoviesPlaylist.h */ = {isa = PBXFileReference; fileEncoding = 4; lastKnownFileType = sourcecode.c.h; path = MMMoviesPlaylist.h; sourceTree = "<group>"; };
		0000C04B16ADEAB10009BE81 /* MMMoviesPlaylist.m */ = {isa = PBXFileReference; fileEncoding = 4; lastKnownFileType = sourcecode.c.objc; path = MMMoviesPlaylist.m; sourceTree = "<group>"; };
		0000C04D16ADEAB10009BE81 /* MMTVShow.h */ = {isa = PBXFileReference; fileEncoding = 4; lastKnownFileType = sourcecode.c.h; path = MMTVShow.h; sourceTree = "<group>"; };
		0000C04E16ADEAB10009BE81 /* MMTVShow.m */ = {isa = PBXFileReference; fileEncoding = 4; lastKnownFileType = sourcecode.c.objc; path = MMTVShow.m; sourceTree = "<group>"; };
		0000C04F16ADEAB10009BE81 /* MMTVShowPlaylist.h */ = {isa = PBXFileReference; fileEncoding = 4; lastKnownFileType = sourcecode.c.h; path = MMTVShowPlaylist.h; sourceTree = "<group>"; };
		0000C05016ADEAB10009BE81 /* MMTVShowPlaylist.m */ = {isa = PBXFileReference; fileEncoding = 4; lastKnownFileType = sourcecode.c.objc; path = MMTVShowPlaylist.m; sourceTree = "<group>"; };
		0000C05116ADEAB10009BE81 /* MMTVShowSeason.h */ = {isa = PBXFileReference; fileEncoding = 4; lastKnownFileType = sourcecode.c.h; path = MMTVShowSeason.h; sourceTree = "<group>"; };
		0000C05216ADEAB10009BE81 /* MMTVShowSeason.m */ = {isa = PBXFileReference; fileEncoding = 4; lastKnownFileType = sourcecode.c.objc; path = MMTVShowSeason.m; sourceTree = "<group>"; };
		0000C07016ADF0430009BE81 /* Unplayed.png */ = {isa = PBXFileReference; lastKnownFileType = image.png; path = Unplayed.png; sourceTree = "<group>"; };
		0000C07116ADF0430009BE81 /* Unplayed@2x.png */ = {isa = PBXFileReference; lastKnownFileType = image.png; path = "Unplayed@2x.png"; sourceTree = "<group>"; };
		0000C07716ADF8890009BE81 /* MYTPlaylistContentDataSource.h */ = {isa = PBXFileReference; fileEncoding = 4; lastKnownFileType = sourcecode.c.h; path = MYTPlaylistContentDataSource.h; sourceTree = "<group>"; };
		0028484414AFF2CD003F5818 /* CircleCheckBox.png */ = {isa = PBXFileReference; lastKnownFileType = image.png; path = CircleCheckBox.png; sourceTree = "<group>"; };
		0028484514AFF2CD003F5818 /* CircleCheckBox@2x.png */ = {isa = PBXFileReference; lastKnownFileType = image.png; path = "CircleCheckBox@2x.png"; sourceTree = "<group>"; };
		0028484614AFF2CD003F5818 /* IconCheckMark.png */ = {isa = PBXFileReference; lastKnownFileType = image.png; path = IconCheckMark.png; sourceTree = "<group>"; };
		0028484714AFF2CD003F5818 /* IconCheckMark@2x.png */ = {isa = PBXFileReference; lastKnownFileType = image.png; path = "IconCheckMark@2x.png"; sourceTree = "<group>"; };
		002A0AE11324549D00320A06 /* MyTunes.app */ = {isa = PBXFileReference; explicitFileType = wrapper.application; includeInIndex = 0; path = MyTunes.app; sourceTree = BUILT_PRODUCTS_DIR; };
		002A0AE51324549D00320A06 /* UIKit.framework */ = {isa = PBXFileReference; lastKnownFileType = wrapper.framework; name = UIKit.framework; path = System/Library/Frameworks/UIKit.framework; sourceTree = SDKROOT; };
		002A0AE71324549D00320A06 /* Foundation.framework */ = {isa = PBXFileReference; lastKnownFileType = wrapper.framework; name = Foundation.framework; path = System/Library/Frameworks/Foundation.framework; sourceTree = SDKROOT; };
		002A0AE91324549D00320A06 /* CoreGraphics.framework */ = {isa = PBXFileReference; lastKnownFileType = wrapper.framework; name = CoreGraphics.framework; path = System/Library/Frameworks/CoreGraphics.framework; sourceTree = SDKROOT; };
		0072339916AC0FE9008C1623 /* MMContentAssembler+Client.h */ = {isa = PBXFileReference; fileEncoding = 4; lastKnownFileType = sourcecode.c.h; path = "MMContentAssembler+Client.h"; sourceTree = "<group>"; };
		0072339A16AC0FE9008C1623 /* MMContentAssembler+Client.m */ = {isa = PBXFileReference; fileEncoding = 4; lastKnownFileType = sourcecode.c.objc; path = "MMContentAssembler+Client.m"; sourceTree = "<group>"; };
		0072339B16AC0FE9008C1623 /* MMTitleAssembler+Client.h */ = {isa = PBXFileReference; fileEncoding = 4; lastKnownFileType = sourcecode.c.h; path = "MMTitleAssembler+Client.h"; sourceTree = "<group>"; };
		0072339C16AC0FE9008C1623 /* MMTitleAssembler+Client.m */ = {isa = PBXFileReference; fileEncoding = 4; lastKnownFileType = sourcecode.c.objc; path = "MMTitleAssembler+Client.m"; sourceTree = "<group>"; };
		007233A116AC0FE9008C1623 /* MMRemoteEncoder.h */ = {isa = PBXFileReference; fileEncoding = 4; lastKnownFileType = sourcecode.c.h; path = MMRemoteEncoder.h; sourceTree = "<group>"; };
		007233A216AC0FE9008C1623 /* MMRemoteEncoder.m */ = {isa = PBXFileReference; fileEncoding = 4; lastKnownFileType = sourcecode.c.objc; path = MMRemoteEncoder.m; sourceTree = "<group>"; };
		007233AA16AC0FE9008C1623 /* MYTServer.h */ = {isa = PBXFileReference; fileEncoding = 4; lastKnownFileType = sourcecode.c.h; path = MYTServer.h; sourceTree = "<group>"; };
		007233AB16AC0FE9008C1623 /* MYTServer.m */ = {isa = PBXFileReference; fileEncoding = 4; lastKnownFileType = sourcecode.c.objc; path = MYTServer.m; sourceTree = "<group>"; };
		007233B916AC0FE9008C1623 /* NSNumber+NSNumber_NonZero.h */ = {isa = PBXFileReference; fileEncoding = 4; lastKnownFileType = sourcecode.c.h; path = "NSNumber+NSNumber_NonZero.h"; sourceTree = "<group>"; };
		007233BA16AC0FE9008C1623 /* NSNumber+NSNumber_NonZero.m */ = {isa = PBXFileReference; fileEncoding = 4; lastKnownFileType = sourcecode.c.objc; path = "NSNumber+NSNumber_NonZero.m"; sourceTree = "<group>"; };
		007233BB16AC0FE9008C1623 /* NSString+Converteer.h */ = {isa = PBXFileReference; fileEncoding = 4; lastKnownFileType = sourcecode.c.h; path = "NSString+Converteer.h"; sourceTree = "<group>"; };
		007233BC16AC0FE9008C1623 /* NSString+Converteer.m */ = {isa = PBXFileReference; fileEncoding = 4; lastKnownFileType = sourcecode.c.objc; path = "NSString+Converteer.m"; sourceTree = "<group>"; };
		007233BF16AC0FE9008C1623 /* MYTHomeView.h */ = {isa = PBXFileReference; fileEncoding = 4; lastKnownFileType = sourcecode.c.h; path = MYTHomeView.h; sourceTree = "<group>"; };
		007233C016AC0FE9008C1623 /* MYTHomeView.m */ = {isa = PBXFileReference; fileEncoding = 4; lastKnownFileType = sourcecode.c.objc; path = MYTHomeView.m; sourceTree = "<group>"; };
		007233C116AC0FE9008C1623 /* MYTHomeViewController_iPad.xib */ = {isa = PBXFileReference; fileEncoding = 4; lastKnownFileType = file.xib; path = MYTHomeViewController_iPad.xib; sourceTree = "<group>"; };
		007233C216AC0FE9008C1623 /* MYTHomeViewController_iPhone.xib */ = {isa = PBXFileReference; fileEncoding = 4; lastKnownFileType = file.xib; path = MYTHomeViewController_iPhone.xib; sourceTree = "<group>"; };
		007233C316AC0FE9008C1623 /* MYTHomeViewController.h */ = {isa = PBXFileReference; fileEncoding = 4; lastKnownFileType = sourcecode.c.h; path = MYTHomeViewController.h; sourceTree = "<group>"; };
		007233C416AC0FE9008C1623 /* MYTHomeViewController.m */ = {isa = PBXFileReference; fileEncoding = 4; lastKnownFileType = sourcecode.c.objc; path = MYTHomeViewController.m; sourceTree = "<group>"; };
		007233C616AC0FE9008C1623 /* MMLoadingView.h */ = {isa = PBXFileReference; fileEncoding = 4; lastKnownFileType = sourcecode.c.h; path = MMLoadingView.h; sourceTree = "<group>"; };
		007233C716AC0FE9008C1623 /* MMLoadingView.m */ = {isa = PBXFileReference; fileEncoding = 4; lastKnownFileType = sourcecode.c.objc; path = MMLoadingView.m; sourceTree = "<group>"; };
		0072348F16AC19D3008C1623 /* InfoPlist.strings */ = {isa = PBXFileReference; fileEncoding = 4; lastKnownFileType = text.plist.strings; path = InfoPlist.strings; sourceTree = "<group>"; };
		0072349016AC19D3008C1623 /* main.m */ = {isa = PBXFileReference; fileEncoding = 4; lastKnownFileType = sourcecode.c.objc; path = main.m; sourceTree = "<group>"; };
		0072349116AC19D3008C1623 /* MainWindow_iPad.xib */ = {isa = PBXFileReference; fileEncoding = 4; lastKnownFileType = file.xib; path = MainWindow_iPad.xib; sourceTree = "<group>"; };
		0072349216AC19D3008C1623 /* MainWindow_iPhone.xib */ = {isa = PBXFileReference; fileEncoding = 4; lastKnownFileType = file.xib; path = MainWindow_iPhone.xib; sourceTree = "<group>"; };
		0072349316AC19D3008C1623 /* MYTAppDelegate.h */ = {isa = PBXFileReference; fileEncoding = 4; lastKnownFileType = sourcecode.c.h; path = MYTAppDelegate.h; sourceTree = "<group>"; };
		0072349416AC19D3008C1623 /* MYTAppDelegate.m */ = {isa = PBXFileReference; fileEncoding = 4; lastKnownFileType = sourcecode.c.objc; path = MYTAppDelegate.m; sourceTree = "<group>"; };
		0072349516AC19D3008C1623 /* MyTunes-Info.plist */ = {isa = PBXFileReference; fileEncoding = 4; lastKnownFileType = text.plist.xml; path = "MyTunes-Info.plist"; sourceTree = "<group>"; };
		0072349616AC19D3008C1623 /* MyTunes-Prefix.pch */ = {isa = PBXFileReference; fileEncoding = 4; lastKnownFileType = sourcecode.c.h; path = "MyTunes-Prefix.pch"; sourceTree = "<group>"; };
		0072361816ACF82B008C1623 /* MYTServerStore.h */ = {isa = PBXFileReference; fileEncoding = 4; lastKnownFileType = sourcecode.c.h; path = MYTServerStore.h; sourceTree = "<group>"; };
		0072361916ACF82B008C1623 /* MYTServerStore.m */ = {isa = PBXFileReference; fileEncoding = 4; lastKnownFileType = sourcecode.c.objc; path = MYTServerStore.m; sourceTree = "<group>"; };
		0072361B16ACF921008C1623 /* MYTServerStoreDelegate.h */ = {isa = PBXFileReference; fileEncoding = 4; lastKnownFileType = sourcecode.c.h; path = MYTServerStoreDelegate.h; sourceTree = "<group>"; };
		0072365616AD0815008C1623 /* MYTServerView_iPad.xib */ = {isa = PBXFileReference; fileEncoding = 4; lastKnownFileType = file.xib; path = MYTServerView_iPad.xib; sourceTree = "<group>"; };
		0072365716AD0816008C1623 /* MYTServerView_iPhone.xib */ = {isa = PBXFileReference; fileEncoding = 4; lastKnownFileType = file.xib; path = MYTServerView_iPhone.xib; sourceTree = "<group>"; };
		0072365816AD0817008C1623 /* MYTServerView.h */ = {isa = PBXFileReference; fileEncoding = 4; lastKnownFileType = sourcecode.c.h; path = MYTServerView.h; sourceTree = "<group>"; };
		0072365916AD0817008C1623 /* MYTServerView.m */ = {isa = PBXFileReference; fileEncoding = 4; lastKnownFileType = sourcecode.c.objc; path = MYTServerView.m; sourceTree = "<group>"; };
		0072367816AD14C1008C1623 /* MYTLibrarySplitViewController.h */ = {isa = PBXFileReference; fileEncoding = 4; lastKnownFileType = sourcecode.c.h; path = MYTLibrarySplitViewController.h; sourceTree = "<group>"; };
		0072367916AD14C1008C1623 /* MYTLibrarySplitViewController.m */ = {isa = PBXFileReference; fileEncoding = 4; lastKnownFileType = sourcecode.c.objc; path = MYTLibrarySplitViewController.m; sourceTree = "<group>"; };
		0072367B16AD14F4008C1623 /* MYTLibrarySplitViewController.xib */ = {isa = PBXFileReference; fileEncoding = 4; lastKnownFileType = file.xib; path = MYTLibrarySplitViewController.xib; sourceTree = "<group>"; };
		0072368F16AD17B9008C1623 /* MYTLibraryListViewController.h */ = {isa = PBXFileReference; fileEncoding = 4; lastKnownFileType = sourcecode.c.h; path = MYTLibraryListViewController.h; sourceTree = "<group>"; };
		0072369016AD17B9008C1623 /* MYTLibraryListViewController.m */ = {isa = PBXFileReference; fileEncoding = 4; lastKnownFileType = sourcecode.c.objc; path = MYTLibraryListViewController.m; sourceTree = "<group>"; };
		0072369116AD17B9008C1623 /* MYTLibraryListViewController.xib */ = {isa = PBXFileReference; fileEncoding = 4; lastKnownFileType = file.xib; path = MYTLibraryListViewController.xib; sourceTree = "<group>"; };
		007236E916AD444A008C1623 /* MYTLibraryStore.h */ = {isa = PBXFileReference; fileEncoding = 4; lastKnownFileType = sourcecode.c.h; path = MYTLibraryStore.h; sourceTree = "<group>"; };
		007236EA16AD444A008C1623 /* MYTLibraryStore.m */ = {isa = PBXFileReference; fileEncoding = 4; lastKnownFileType = sourcecode.c.objc; path = MYTLibraryStore.m; sourceTree = "<group>"; };
		007236EC16AD4744008C1623 /* MYTPlaylistCell.h */ = {isa = PBXFileReference; fileEncoding = 4; lastKnownFileType = sourcecode.c.h; path = MYTPlaylistCell.h; sourceTree = "<group>"; };
		007236ED16AD4744008C1623 /* MYTPlaylistCell.m */ = {isa = PBXFileReference; fileEncoding = 4; lastKnownFileType = sourcecode.c.objc; path = MYTPlaylistCell.m; sourceTree = "<group>"; };
		007236EF16AD47B6008C1623 /* MMPlaylistCell.xib */ = {isa = PBXFileReference; fileEncoding = 4; lastKnownFileType = file.xib; path = MMPlaylistCell.xib; sourceTree = "<group>"; };
		007236F116AD47E7008C1623 /* Podfile */ = {isa = PBXFileReference; lastKnownFileType = text; path = Podfile; sourceTree = "<group>"; };
		0072372E16AD54CD008C1623 /* MYTPlaylistViewController.h */ = {isa = PBXFileReference; fileEncoding = 4; lastKnownFileType = sourcecode.c.h; path = MYTPlaylistViewController.h; sourceTree = "<group>"; };
		0072372F16AD54CE008C1623 /* MYTPlaylistViewController.m */ = {isa = PBXFileReference; fileEncoding = 4; lastKnownFileType = sourcecode.c.objc; path = MYTPlaylistViewController.m; sourceTree = "<group>"; };
		0072373116AD54E4008C1623 /* MYTPlaylistViewController.xib */ = {isa = PBXFileReference; fileEncoding = 4; lastKnownFileType = file.xib; path = MYTPlaylistViewController.xib; sourceTree = "<group>"; };
		0072373716AD573F008C1623 /* MYTMoviePlaylistDataSource.h */ = {isa = PBXFileReference; fileEncoding = 4; lastKnownFileType = sourcecode.c.h; path = MYTMoviePlaylistDataSource.h; sourceTree = "<group>"; };
		0072373816AD573F008C1623 /* MYTMoviePlaylistDataSource.m */ = {isa = PBXFileReference; fileEncoding = 4; lastKnownFileType = sourcecode.c.objc; path = MYTMoviePlaylistDataSource.m; sourceTree = "<group>"; };
		00DC022E1597EB4E00F891C9 /* Rakefile */ = {isa = PBXFileReference; lastKnownFileType = text; path = Rakefile; sourceTree = "<group>"; };
		01277D429E354F1F98E38650 /* libPods.a */ = {isa = PBXFileReference; explicitFileType = archive.ar; includeInIndex = 0; path = libPods.a; sourceTree = BUILT_PRODUCTS_DIR; };
		DCAD1AC3D37C4A4FA597F994 /* Pods.xcconfig */ = {isa = PBXFileReference; includeInIndex = 1; lastKnownFileType = text.xcconfig; name = Pods.xcconfig; path = Pods/Pods.xcconfig; sourceTree = SOURCE_ROOT; };
/* End PBXFileReference section */

/* Begin PBXFrameworksBuildPhase section */
		002A0ADE1324549D00320A06 /* Frameworks */ = {
			isa = PBXFrameworksBuildPhase;
			buildActionMask = 2147483647;
			files = (
				002A0AE61324549D00320A06 /* UIKit.framework in Frameworks */,
				002A0AE81324549D00320A06 /* Foundation.framework in Frameworks */,
				002A0AEA1324549D00320A06 /* CoreGraphics.framework in Frameworks */,
				A3221172AA3E4E608F1F916D /* libPods.a in Frameworks */,
			);
			runOnlyForDeploymentPostprocessing = 0;
		};
/* End PBXFrameworksBuildPhase section */

/* Begin PBXGroup section */
		0000C03216AD59C20009BE81 /* TVShow */ = {
			isa = PBXGroup;
			children = (
			);
			path = TVShow;
			sourceTree = "<group>";
		};
		0000C04816ADEAB10009BE81 /* playlist */ = {
			isa = PBXGroup;
			children = (
				0000C04916ADEAB10009BE81 /* movies */,
				0000C04C16ADEAB10009BE81 /* shows */,
			);
			path = playlist;
			sourceTree = "<group>";
		};
		0000C04916ADEAB10009BE81 /* movies */ = {
			isa = PBXGroup;
			children = (
				0000C04A16ADEAB10009BE81 /* MMMoviesPlaylist.h */,
				0000C04B16ADEAB10009BE81 /* MMMoviesPlaylist.m */,
			);
			path = movies;
			sourceTree = "<group>";
		};
		0000C04C16ADEAB10009BE81 /* shows */ = {
			isa = PBXGroup;
			children = (
				0000C04D16ADEAB10009BE81 /* MMTVShow.h */,
				0000C04E16ADEAB10009BE81 /* MMTVShow.m */,
				0000C04F16ADEAB10009BE81 /* MMTVShowPlaylist.h */,
				0000C05016ADEAB10009BE81 /* MMTVShowPlaylist.m */,
				0000C05116ADEAB10009BE81 /* MMTVShowSeason.h */,
				0000C05216ADEAB10009BE81 /* MMTVShowSeason.m */,
			);
			path = shows;
			sourceTree = "<group>";
		};
		0000C06D16ADF0430009BE81 /* playlists */ = {
			isa = PBXGroup;
			children = (
				0000C07016ADF0430009BE81 /* Unplayed.png */,
				0000C07116ADF0430009BE81 /* Unplayed@2x.png */,
			);
			path = playlists;
			sourceTree = "<group>";
		};
		0028484214AFF295003F5818 /* Resources */ = {
			isa = PBXGroup;
			children = (
				0028484314AFF2CD003F5818 /* encoder */,
				0000C06D16ADF0430009BE81 /* playlists */,
			);
			path = Resources;
			sourceTree = "<group>";
		};
		0028484314AFF2CD003F5818 /* encoder */ = {
			isa = PBXGroup;
			children = (
				0028484414AFF2CD003F5818 /* CircleCheckBox.png */,
				0028484514AFF2CD003F5818 /* CircleCheckBox@2x.png */,
				0028484614AFF2CD003F5818 /* IconCheckMark.png */,
				0028484714AFF2CD003F5818 /* IconCheckMark@2x.png */,
			);
			path = encoder;
			sourceTree = "<group>";
		};
		002A0AD61324549D00320A06 = {
			isa = PBXGroup;
			children = (
				0072339616AC0FE9008C1623 /* MyTunes */,
				002A0AE41324549D00320A06 /* Frameworks */,
				002A0AE21324549D00320A06 /* Products */,
				0028484214AFF295003F5818 /* Resources */,
				00DC022E1597EB4E00F891C9 /* Rakefile */,
				007236F116AD47E7008C1623 /* Podfile */,
				DCAD1AC3D37C4A4FA597F994 /* Pods.xcconfig */,
			);
			sourceTree = "<group>";
			usesTabs = 0;
		};
		002A0AE21324549D00320A06 /* Products */ = {
			isa = PBXGroup;
			children = (
				002A0AE11324549D00320A06 /* MyTunes.app */,
			);
			name = Products;
			sourceTree = "<group>";
		};
		002A0AE41324549D00320A06 /* Frameworks */ = {
			isa = PBXGroup;
			children = (
				002A0AE51324549D00320A06 /* UIKit.framework */,
				002A0AE71324549D00320A06 /* Foundation.framework */,
				002A0AE91324549D00320A06 /* CoreGraphics.framework */,
				01277D429E354F1F98E38650 /* libPods.a */,
			);
			name = Frameworks;
			sourceTree = "<group>";
		};
		0072339616AC0FE9008C1623 /* MyTunes */ = {
			isa = PBXGroup;
			children = (
				0072339716AC0FE9008C1623 /* Domain */,
				007235FC16ACCB33008C1623 /* Store */,
				007233BD16AC0FE9008C1623 /* view */,
				007233B816AC0FE9008C1623 /* util */,
				0072348E16AC19D3008C1623 /* Supporting Files */,
			);
			path = MyTunes;
			sourceTree = "<group>";
		};
		0072339716AC0FE9008C1623 /* Domain */ = {
			isa = PBXGroup;
			children = (
				0072339816AC0FE9008C1623 /* assembler */,
				007233A016AC0FE9008C1623 /* encoder */,
				0000C04816ADEAB10009BE81 /* playlist */,
				007233A916AC0FE9008C1623 /* server */,
			);
			name = Domain;
			path = domain;
			sourceTree = "<group>";
		};
		0072339816AC0FE9008C1623 /* assembler */ = {
			isa = PBXGroup;
			children = (
				0072339916AC0FE9008C1623 /* MMContentAssembler+Client.h */,
				0072339A16AC0FE9008C1623 /* MMContentAssembler+Client.m */,
				0072339B16AC0FE9008C1623 /* MMTitleAssembler+Client.h */,
				0072339C16AC0FE9008C1623 /* MMTitleAssembler+Client.m */,
			);
			path = assembler;
			sourceTree = "<group>";
		};
		007233A016AC0FE9008C1623 /* encoder */ = {
			isa = PBXGroup;
			children = (
				007233A116AC0FE9008C1623 /* MMRemoteEncoder.h */,
				007233A216AC0FE9008C1623 /* MMRemoteEncoder.m */,
			);
			path = encoder;
			sourceTree = "<group>";
		};
		007233A916AC0FE9008C1623 /* server */ = {
			isa = PBXGroup;
			children = (
				007233AA16AC0FE9008C1623 /* MYTServer.h */,
				007233AB16AC0FE9008C1623 /* MYTServer.m */,
			);
			path = server;
			sourceTree = "<group>";
		};
		007233B816AC0FE9008C1623 /* util */ = {
			isa = PBXGroup;
			children = (
				007233B916AC0FE9008C1623 /* NSNumber+NSNumber_NonZero.h */,
				007233BA16AC0FE9008C1623 /* NSNumber+NSNumber_NonZero.m */,
				007233BB16AC0FE9008C1623 /* NSString+Converteer.h */,
				007233BC16AC0FE9008C1623 /* NSString+Converteer.m */,
			);
			path = util;
			sourceTree = "<group>";
		};
		007233BD16AC0FE9008C1623 /* view */ = {
			isa = PBXGroup;
			children = (
				007233BE16AC0FE9008C1623 /* home */,
				0072367316AD1318008C1623 /* Library */,
				007233C516AC0FE9008C1623 /* loading */,
			);
			path = view;
			sourceTree = "<group>";
		};
		007233BE16AC0FE9008C1623 /* home */ = {
			isa = PBXGroup;
			children = (
				007233C316AC0FE9008C1623 /* MYTHomeViewController.h */,
				007233C416AC0FE9008C1623 /* MYTHomeViewController.m */,
				007233C116AC0FE9008C1623 /* MYTHomeViewController_iPad.xib */,
				007233C216AC0FE9008C1623 /* MYTHomeViewController_iPhone.xib */,
				007233BF16AC0FE9008C1623 /* MYTHomeView.h */,
				007233C016AC0FE9008C1623 /* MYTHomeView.m */,
				0072365816AD0817008C1623 /* MYTServerView.h */,
				0072365916AD0817008C1623 /* MYTServerView.m */,
				0072365616AD0815008C1623 /* MYTServerView_iPad.xib */,
				0072365716AD0816008C1623 /* MYTServerView_iPhone.xib */,
			);
			path = home;
			sourceTree = "<group>";
		};
		007233C516AC0FE9008C1623 /* loading */ = {
			isa = PBXGroup;
			children = (
				007233C616AC0FE9008C1623 /* MMLoadingView.h */,
				007233C716AC0FE9008C1623 /* MMLoadingView.m */,
			);
			path = loading;
			sourceTree = "<group>";
		};
		0072348E16AC19D3008C1623 /* Supporting Files */ = {
			isa = PBXGroup;
			children = (
				0072348F16AC19D3008C1623 /* InfoPlist.strings */,
				0072349016AC19D3008C1623 /* main.m */,
				0072349116AC19D3008C1623 /* MainWindow_iPad.xib */,
				0072349216AC19D3008C1623 /* MainWindow_iPhone.xib */,
				0072349316AC19D3008C1623 /* MYTAppDelegate.h */,
				0072349416AC19D3008C1623 /* MYTAppDelegate.m */,
				0072349516AC19D3008C1623 /* MyTunes-Info.plist */,
				0072349616AC19D3008C1623 /* MyTunes-Prefix.pch */,
			);
			name = "Supporting Files";
			path = SupportingFiles;
			sourceTree = "<group>";
		};
		007235FC16ACCB33008C1623 /* Store */ = {
			isa = PBXGroup;
			children = (
				007236E816AD443B008C1623 /* Library */,
				0072361616ACF80B008C1623 /* Server */,
			);
			path = Store;
			sourceTree = "<group>";
		};
		0072361616ACF80B008C1623 /* Server */ = {
			isa = PBXGroup;
			children = (
				0072361816ACF82B008C1623 /* MYTServerStore.h */,
				0072361916ACF82B008C1623 /* MYTServerStore.m */,
				0072361B16ACF921008C1623 /* MYTServerStoreDelegate.h */,
			);
			path = Server;
			sourceTree = "<group>";
		};
		0072367316AD1318008C1623 /* Library */ = {
			isa = PBXGroup;
			children = (
				0072367716AD14C1008C1623 /* iPad */,
				0072367D16AD151D008C1623 /* iPhone */,
				0072373616AD573B008C1623 /* Movie */,
				0000C03216AD59C20009BE81 /* TVShow */,
				0000C07716ADF8890009BE81 /* MYTPlaylistContentDataSource.h */,
				0072372E16AD54CD008C1623 /* MYTPlaylistViewController.h */,
				0072372F16AD54CE008C1623 /* MYTPlaylistViewController.m */,
				0072373116AD54E4008C1623 /* MYTPlaylistViewController.xib */,
			);
			path = Library;
			sourceTree = "<group>";
		};
		0072367716AD14C1008C1623 /* iPad */ = {
			isa = PBXGroup;
			children = (
				0072367816AD14C1008C1623 /* MYTLibrarySplitViewController.h */,
				0072367916AD14C1008C1623 /* MYTLibrarySplitViewController.m */,
				0072367B16AD14F4008C1623 /* MYTLibrarySplitViewController.xib */,
				0072368F16AD17B9008C1623 /* MYTLibraryListViewController.h */,
				0072369016AD17B9008C1623 /* MYTLibraryListViewController.m */,
				0072369116AD17B9008C1623 /* MYTLibraryListViewController.xib */,
				007236EC16AD4744008C1623 /* MYTPlaylistCell.h */,
				007236ED16AD4744008C1623 /* MYTPlaylistCell.m */,
				007236EF16AD47B6008C1623 /* MMPlaylistCell.xib */,
			);
			path = iPad;
			sourceTree = "<group>";
		};
		0072367D16AD151D008C1623 /* iPhone */ = {
			isa = PBXGroup;
			children = (
			);
			path = iPhone;
			sourceTree = "<group>";
		};
		007236E816AD443B008C1623 /* Library */ = {
			isa = PBXGroup;
			children = (
				007236E916AD444A008C1623 /* MYTLibraryStore.h */,
				007236EA16AD444A008C1623 /* MYTLibraryStore.m */,
			);
			path = Library;
			sourceTree = "<group>";
		};
		0072373616AD573B008C1623 /* Movie */ = {
			isa = PBXGroup;
			children = (
				0072373716AD573F008C1623 /* MYTMoviePlaylistDataSource.h */,
				0072373816AD573F008C1623 /* MYTMoviePlaylistDataSource.m */,
				0000C02C16AD576C0009BE81 /* MYTMovieCell.h */,
				0000C02D16AD576C0009BE81 /* MYTMovieCell.m */,
				0000C03016AD577D0009BE81 /* MYTMovieCell.xib */,
			);
			path = Movie;
			sourceTree = "<group>";
		};
/* End PBXGroup section */

/* Begin PBXLegacyTarget section */
		007236DB16AD424A008C1623 /* Pod Update */ = {
			isa = PBXLegacyTarget;
			buildArgumentsString = update;
			buildConfigurationList = 007236DE16AD424A008C1623 /* Build configuration list for PBXLegacyTarget "Pod Update" */;
			buildPhases = (
			);
			buildToolPath = /usr/bin/pod;
			buildWorkingDirectory = "";
			dependencies = (
			);
			name = "Pod Update";
			passBuildSettingsInEnvironment = 1;
			productName = "Pod Update";
		};
/* End PBXLegacyTarget section */

/* Begin PBXNativeTarget section */
		002A0AE01324549D00320A06 /* MyTunes */ = {
			isa = PBXNativeTarget;
			buildConfigurationList = 002A0B181324549D00320A06 /* Build configuration list for PBXNativeTarget "MyTunes" */;
			buildPhases = (
				002A0ADD1324549D00320A06 /* Sources */,
				002A0ADE1324549D00320A06 /* Frameworks */,
				002A0ADF1324549D00320A06 /* Resources */,
				352870551BC44C9A9E2A48BA /* Copy Pods Resources */,
			);
			buildRules = (
			);
			dependencies = (
			);
			name = MyTunes;
			productName = MediaManagement;
			productReference = 002A0AE11324549D00320A06 /* MyTunes.app */;
			productType = "com.apple.product-type.application";
		};
/* End PBXNativeTarget section */

/* Begin PBXProject section */
		002A0AD81324549D00320A06 /* Project object */ = {
			isa = PBXProject;
			attributes = {
				CLASSPREFIX = MYT;
				LastUpgradeCheck = 0430;
			};
			buildConfigurationList = 002A0ADB1324549D00320A06 /* Build configuration list for PBXProject "MyTunes" */;
			compatibilityVersion = "Xcode 3.2";
			developmentRegion = English;
			hasScannedForEncodings = 0;
			knownRegions = (
				en,
			);
			mainGroup = 002A0AD61324549D00320A06;
			productRefGroup = 002A0AE21324549D00320A06 /* Products */;
			projectDirPath = "";
			projectRoot = "";
			targets = (
				002A0AE01324549D00320A06 /* MyTunes */,
				007236DB16AD424A008C1623 /* Pod Update */,
			);
		};
/* End PBXProject section */

/* Begin PBXResourcesBuildPhase section */
		002A0ADF1324549D00320A06 /* Resources */ = {
			isa = PBXResourcesBuildPhase;
			buildActionMask = 2147483647;
			files = (
				0028484814AFF2CD003F5818 /* CircleCheckBox.png in Resources */,
				0028484914AFF2CD003F5818 /* CircleCheckBox@2x.png in Resources */,
				0028484A14AFF2CD003F5818 /* IconCheckMark.png in Resources */,
				0028484B14AFF2CD003F5818 /* IconCheckMark@2x.png in Resources */,
				0072342816AC0FE9008C1623 /* MYTHomeViewController_iPad.xib in Resources */,
				0072342916AC0FE9008C1623 /* MYTHomeViewController_iPhone.xib in Resources */,
				0072349716AC19D3008C1623 /* InfoPlist.strings in Resources */,
				0072349916AC19D3008C1623 /* MainWindow_iPad.xib in Resources */,
				0072349A16AC19D3008C1623 /* MainWindow_iPhone.xib in Resources */,
				0072365A16AD0818008C1623 /* MYTServerView_iPad.xib in Resources */,
				0072365B16AD0818008C1623 /* MYTServerView_iPhone.xib in Resources */,
				0072367C16AD14F4008C1623 /* MYTLibrarySplitViewController.xib in Resources */,
				0072369316AD17BA008C1623 /* MYTLibraryListViewController.xib in Resources */,
				007236F016AD47B7008C1623 /* MMPlaylistCell.xib in Resources */,
				0072373216AD54E8008C1623 /* MYTPlaylistViewController.xib in Resources */,
				0000C03116AD577D0009BE81 /* MYTMovieCell.xib in Resources */,
				0000C07416ADF0430009BE81 /* Unplayed.png in Resources */,
				0000C07516ADF0430009BE81 /* Unplayed@2x.png in Resources */,
			);
			runOnlyForDeploymentPostprocessing = 0;
		};
/* End PBXResourcesBuildPhase section */

/* Begin PBXShellScriptBuildPhase section */
		352870551BC44C9A9E2A48BA /* Copy Pods Resources */ = {
			isa = PBXShellScriptBuildPhase;
			buildActionMask = 2147483647;
			files = (
			);
			inputPaths = (
			);
			name = "Copy Pods Resources";
			outputPaths = (
			);
			runOnlyForDeploymentPostprocessing = 0;
			shellPath = /bin/sh;
			shellScript = "\"${SRCROOT}/Pods/Pods-resources.sh\"\n";
		};
/* End PBXShellScriptBuildPhase section */

/* Begin PBXSourcesBuildPhase section */
		002A0ADD1324549D00320A06 /* Sources */ = {
			isa = PBXSourcesBuildPhase;
			buildActionMask = 2147483647;
			files = (
				0072341716AC0FE9008C1623 /* MMContentAssembler+Client.m in Sources */,
				0072341816AC0FE9008C1623 /* MMTitleAssembler+Client.m in Sources */,
				0072341A16AC0FE9008C1623 /* MMRemoteEncoder.m in Sources */,
				0072341D16AC0FE9008C1623 /* MYTServer.m in Sources */,
				0072342516AC0FE9008C1623 /* NSNumber+NSNumber_NonZero.m in Sources */,
				0072342616AC0FE9008C1623 /* NSString+Converteer.m in Sources */,
				0072342716AC0FE9008C1623 /* MYTHomeView.m in Sources */,
				0072342A16AC0FE9008C1623 /* MYTHomeViewController.m in Sources */,
				0072342B16AC0FE9008C1623 /* MMLoadingView.m in Sources */,
				0072349816AC19D3008C1623 /* main.m in Sources */,
				0072349B16AC19D3008C1623 /* MYTAppDelegate.m in Sources */,
				0072361A16ACF82B008C1623 /* MYTServerStore.m in Sources */,
				0072365C16AD0818008C1623 /* MYTServerView.m in Sources */,
				0072367A16AD14C1008C1623 /* MYTLibrarySplitViewController.m in Sources */,
				0072369216AD17BA008C1623 /* MYTLibraryListViewController.m in Sources */,
				007236EB16AD444A008C1623 /* MYTLibraryStore.m in Sources */,
				007236EE16AD4745008C1623 /* MYTPlaylistCell.m in Sources */,
				0072373016AD54CF008C1623 /* MYTPlaylistViewController.m in Sources */,
				0072373916AD573F008C1623 /* MYTMoviePlaylistDataSource.m in Sources */,
				0000C02E16AD576C0009BE81 /* MYTMovieCell.m in Sources */,
				0000C05316ADEAB10009BE81 /* MMMoviesPlaylist.m in Sources */,
				0000C05416ADEAB10009BE81 /* MMTVShow.m in Sources */,
				0000C05516ADEAB10009BE81 /* MMTVShowPlaylist.m in Sources */,
				0000C05616ADEAB10009BE81 /* MMTVShowSeason.m in Sources */,
			);
			runOnlyForDeploymentPostprocessing = 0;
		};
/* End PBXSourcesBuildPhase section */

/* Begin XCBuildConfiguration section */
		002A0B161324549D00320A06 /* Debug */ = {
			isa = XCBuildConfiguration;
			buildSettings = {
				CLANG_ENABLE_OBJC_ARC = YES;
				CODE_SIGN_IDENTITY = "iPhone Developer";
				COPY_PHASE_STRIP = NO;
				GCC_C_LANGUAGE_STANDARD = gnu99;
				GCC_OPTIMIZATION_LEVEL = 0;
				GCC_PREPROCESSOR_DEFINITIONS = DEBUG;
				GCC_SYMBOLS_PRIVATE_EXTERN = NO;
				GCC_WARN_ABOUT_RETURN_TYPE = YES;
				GCC_WARN_UNUSED_VARIABLE = YES;
				IPHONEOS_DEPLOYMENT_TARGET = 6.0;
				OTHER_LDFLAGS = (
					"${inherited}",
					"-ObjC",
				);
				PROVISIONING_PROFILE = "";
				SDKROOT = iphoneos;
				TARGETED_DEVICE_FAMILY = "1,2";
			};
			name = Debug;
		};
		002A0B171324549D00320A06 /* Release */ = {
			isa = XCBuildConfiguration;
			buildSettings = {
				CLANG_ENABLE_OBJC_ARC = YES;
				CODE_SIGN_IDENTITY = "iPhone Developer";
				GCC_C_LANGUAGE_STANDARD = gnu99;
				GCC_WARN_ABOUT_RETURN_TYPE = YES;
				GCC_WARN_UNUSED_VARIABLE = YES;
				IPHONEOS_DEPLOYMENT_TARGET = 6.0;
				OTHER_CFLAGS = "-DNS_BLOCK_ASSERTIONS=1";
				OTHER_LDFLAGS = (
					"${inherited}",
					"-ObjC",
				);
				PROVISIONING_PROFILE = "";
				SDKROOT = iphoneos;
				TARGETED_DEVICE_FAMILY = "1,2";
			};
			name = Release;
		};
		002A0B191324549D00320A06 /* Debug */ = {
			isa = XCBuildConfiguration;
			baseConfigurationReference = DCAD1AC3D37C4A4FA597F994 /* Pods.xcconfig */;
			buildSettings = {
				CLANG_ENABLE_OBJC_ARC = YES;
				GCC_PRECOMPILE_PREFIX_HEADER = YES;
				GCC_PREFIX_HEADER = "MyTunes/SupportingFiles/MyTunes-Prefix.pch";
				INFOPLIST_FILE = "MyTunes/SupportingFiles/MyTunes-Info.plist";
				PRODUCT_NAME = MyTunes;
				WRAPPER_EXTENSION = app;
			};
			name = Debug;
		};
		002A0B1A1324549D00320A06 /* Release */ = {
			isa = XCBuildConfiguration;
			baseConfigurationReference = DCAD1AC3D37C4A4FA597F994 /* Pods.xcconfig */;
			buildSettings = {
				CLANG_ENABLE_OBJC_ARC = YES;
				GCC_PRECOMPILE_PREFIX_HEADER = YES;
				GCC_PREFIX_HEADER = "MyTunes/SupportingFiles/MyTunes-Prefix.pch";
				INFOPLIST_FILE = "MyTunes/SupportingFiles/MyTunes-Info.plist";
				PRODUCT_NAME = MyTunes;
				VALIDATE_PRODUCT = YES;
				WRAPPER_EXTENSION = app;
			};
			name = Release;
		};
		007236DC16AD424A008C1623 /* Debug */ = {
			isa = XCBuildConfiguration;
			buildSettings = {
				ALWAYS_SEARCH_USER_PATHS = NO;
				ARCHS = "$(ARCHS_STANDARD_64_BIT)";
				CLANG_CXX_LANGUAGE_STANDARD = "gnu++0x";
				CLANG_CXX_LIBRARY = "libc++";
				CLANG_WARN_EMPTY_BODY = YES;
				CLANG_WARN__DUPLICATE_METHOD_MATCH = YES;
				DEBUGGING_SYMBOLS = YES;
				GCC_DYNAMIC_NO_PIC = NO;
				GCC_ENABLE_OBJC_EXCEPTIONS = YES;
				GCC_GENERATE_DEBUGGING_SYMBOLS = YES;
				GCC_OPTIMIZATION_LEVEL = 0;
				GCC_PREPROCESSOR_DEFINITIONS = (
					"DEBUG=1",
					"$(inherited)",
				);
				GCC_WARN_64_TO_32_BIT_CONVERSION = YES;
				GCC_WARN_UNINITIALIZED_AUTOS = YES;
				MACOSX_DEPLOYMENT_TARGET = 10.8;
				ONLY_ACTIVE_ARCH = YES;
				OTHER_CFLAGS = "";
				OTHER_LDFLAGS = "";
				PRODUCT_NAME = "$(TARGET_NAME)";
				SDKROOT = macosx;
			};
			name = Debug;
		};
		007236DD16AD424A008C1623 /* Release */ = {
			isa = XCBuildConfiguration;
			buildSettings = {
				ALWAYS_SEARCH_USER_PATHS = NO;
				ARCHS = "$(ARCHS_STANDARD_64_BIT)";
				CLANG_CXX_LANGUAGE_STANDARD = "gnu++0x";
				CLANG_CXX_LIBRARY = "libc++";
				CLANG_WARN_EMPTY_BODY = YES;
				CLANG_WARN__DUPLICATE_METHOD_MATCH = YES;
				COPY_PHASE_STRIP = YES;
				DEBUG_INFORMATION_FORMAT = "dwarf-with-dsym";
				GCC_ENABLE_OBJC_EXCEPTIONS = YES;
				GCC_WARN_64_TO_32_BIT_CONVERSION = YES;
				GCC_WARN_UNINITIALIZED_AUTOS = YES;
				MACOSX_DEPLOYMENT_TARGET = 10.8;
				OTHER_CFLAGS = "";
				OTHER_LDFLAGS = "";
				PRODUCT_NAME = "$(TARGET_NAME)";
				SDKROOT = macosx;
			};
			name = Release;
		};
/* End XCBuildConfiguration section */

/* Begin XCConfigurationList section */
		002A0ADB1324549D00320A06 /* Build configuration list for PBXProject "MyTunes" */ = {
			isa = XCConfigurationList;
			buildConfigurations = (
				002A0B161324549D00320A06 /* Debug */,
				002A0B171324549D00320A06 /* Release */,
			);
			defaultConfigurationIsVisible = 0;
			defaultConfigurationName = Release;
		};
		002A0B181324549D00320A06 /* Build configuration list for PBXNativeTarget "MyTunes" */ = {
			isa = XCConfigurationList;
			buildConfigurations = (
				002A0B191324549D00320A06 /* Debug */,
				002A0B1A1324549D00320A06 /* Release */,
			);
			defaultConfigurationIsVisible = 0;
			defaultConfigurationName = Release;
		};
		007236DE16AD424A008C1623 /* Build configuration list for PBXLegacyTarget "Pod Update" */ = {
			isa = XCConfigurationList;
			buildConfigurations = (
				007236DC16AD424A008C1623 /* Debug */,
				007236DD16AD424A008C1623 /* Release */,
			);
			defaultConfigurationIsVisible = 0;
			defaultConfigurationName = Release;
		};
/* End XCConfigurationList section */
	};
	rootObject = 002A0AD81324549D00320A06 /* Project object */;
}
