// !$*UTF8*$!
{
	archiveVersion = 1;
	classes = {
	};
	objectVersion = 46;
	objects = {

/* Begin PBXBuildFile section */
		0000C03116AD577D0009BE81 /* MYTMovieCell.xib in Resources */ = {isa = PBXBuildFile; fileRef = 0000C03016AD577D0009BE81 /* MYTMovieCell.xib */; };
		0000C05316ADEAB10009BE81 /* MMMoviesPlaylist.m in Sources */ = {isa = PBXBuildFile; fileRef = 0000C04B16ADEAB10009BE81 /* MMMoviesPlaylist.m */; };
		0000C05416ADEAB10009BE81 /* MMTVShow.m in Sources */ = {isa = PBXBuildFile; fileRef = 0000C04E16ADEAB10009BE81 /* MMTVShow.m */; };
		0000C05516ADEAB10009BE81 /* MMTVShowPlaylist.m in Sources */ = {isa = PBXBuildFile; fileRef = 0000C05016ADEAB10009BE81 /* MMTVShowPlaylist.m */; };
		0000C05616ADEAB10009BE81 /* MMTVShowSeason.m in Sources */ = {isa = PBXBuildFile; fileRef = 0000C05216ADEAB10009BE81 /* MMTVShowSeason.m */; };
		0000C07A16ADFCD70009BE81 /* MYTTVShowPlaylistDataSource.m in Sources */ = {isa = PBXBuildFile; fileRef = 0000C07916ADFCD70009BE81 /* MYTTVShowPlaylistDataSource.m */; };
		0000C08016AE05280009BE81 /* MYTContentCell.m in Sources */ = {isa = PBXBuildFile; fileRef = 0000C07F16AE05270009BE81 /* MYTContentCell.m */; };
		0000C08216AE05430009BE81 /* MYTTVShowCell.xib in Resources */ = {isa = PBXBuildFile; fileRef = 0000C08116AE05430009BE81 /* MYTTVShowCell.xib */; };
		0000C08F16AE1C0F0009BE81 /* Default-568h@2x.png in Resources */ = {isa = PBXBuildFile; fileRef = 0000C08E16AE1C0F0009BE81 /* Default-568h@2x.png */; };
		000A5D0516B5398A0013C16D /* MYTAudioSubtitleTrackCell.m in Sources */ = {isa = PBXBuildFile; fileRef = 000A5D0416B5398A0013C16D /* MYTAudioSubtitleTrackCell.m */; };
		000A5D0716B539960013C16D /* MYTAudioSubtitleTrackCell.xib in Resources */ = {isa = PBXBuildFile; fileRef = 000A5D0616B539960013C16D /* MYTAudioSubtitleTrackCell.xib */; };
		000A5D2E16B5F9080013C16D /* clock.png in Resources */ = {isa = PBXBuildFile; fileRef = 000A5D2C16B5F9080013C16D /* clock.png */; };
		000A5D2F16B5F9080013C16D /* clock@2x.png in Resources */ = {isa = PBXBuildFile; fileRef = 000A5D2D16B5F9080013C16D /* clock@2x.png */; };
		002A0AE61324549D00320A06 /* UIKit.framework in Frameworks */ = {isa = PBXBuildFile; fileRef = 002A0AE51324549D00320A06 /* UIKit.framework */; };
		002A0AE81324549D00320A06 /* Foundation.framework in Frameworks */ = {isa = PBXBuildFile; fileRef = 002A0AE71324549D00320A06 /* Foundation.framework */; };
		002A0AEA1324549D00320A06 /* CoreGraphics.framework in Frameworks */ = {isa = PBXBuildFile; fileRef = 002A0AE91324549D00320A06 /* CoreGraphics.framework */; };
		0048440116B4C39F0098843E /* MYTLibraryHeader.m in Sources */ = {isa = PBXBuildFile; fileRef = 0048440016B4C39F0098843E /* MYTLibraryHeader.m */; };
		0048440316B4C3AF0098843E /* MYTLibraryHeader.xib in Resources */ = {isa = PBXBuildFile; fileRef = 0048440216B4C3AF0098843E /* MYTLibraryHeader.xib */; };
		0069FAFA16B3C336001CF155 /* textborder.png in Resources */ = {isa = PBXBuildFile; fileRef = 0069FAF816B3C336001CF155 /* textborder.png */; };
		0069FAFB16B3C336001CF155 /* textborder@2x.png in Resources */ = {isa = PBXBuildFile; fileRef = 0069FAF916B3C336001CF155 /* textborder@2x.png */; };
		0069FB2F16B4896E001CF155 /* MYTEditViewController.m in Sources */ = {isa = PBXBuildFile; fileRef = 0069FB2B16B4896E001CF155 /* MYTEditViewController.m */; };
		0069FB3016B4896E001CF155 /* MYTEditViewController.xib in Resources */ = {isa = PBXBuildFile; fileRef = 0069FB2C16B4896E001CF155 /* MYTEditViewController.xib */; };
		0069FB3116B4896E001CF155 /* MYTMovieEditViewController.xib in Resources */ = {isa = PBXBuildFile; fileRef = 0069FB2D16B4896E001CF155 /* MYTMovieEditViewController.xib */; };
		0069FB3216B4896E001CF155 /* MYTTVShowEditViewController.xib in Resources */ = {isa = PBXBuildFile; fileRef = 0069FB2E16B4896E001CF155 /* MYTTVShowEditViewController.xib */; };
		0069FB3D16B48F5C001CF155 /* MMPlaylistCell.xib in Resources */ = {isa = PBXBuildFile; fileRef = 0069FB3416B48F5C001CF155 /* MMPlaylistCell.xib */; };
		0069FB3E16B48F5C001CF155 /* MYTLibraryListViewController.m in Sources */ = {isa = PBXBuildFile; fileRef = 0069FB3616B48F5C001CF155 /* MYTLibraryListViewController.m */; };
		0069FB3F16B48F5C001CF155 /* MYTLibraryListViewController.xib in Resources */ = {isa = PBXBuildFile; fileRef = 0069FB3716B48F5C001CF155 /* MYTLibraryListViewController.xib */; };
		0069FB4016B48F5C001CF155 /* MYTLibrarySplitViewController.m in Sources */ = {isa = PBXBuildFile; fileRef = 0069FB3916B48F5C001CF155 /* MYTLibrarySplitViewController.m */; };
		0069FB4116B48F5C001CF155 /* MYTLibrarySplitViewController.xib in Resources */ = {isa = PBXBuildFile; fileRef = 0069FB3A16B48F5C001CF155 /* MYTLibrarySplitViewController.xib */; };
		0069FB4216B48F5C001CF155 /* MYTPlaylistCell.m in Sources */ = {isa = PBXBuildFile; fileRef = 0069FB3C16B48F5C001CF155 /* MYTPlaylistCell.m */; };
		0069FB4616B49312001CF155 /* MYTEncoderDataSource.m in Sources */ = {isa = PBXBuildFile; fileRef = 0069FB4516B49312001CF155 /* MYTEncoderDataSource.m */; };
		0069FB5316B49A28001CF155 /* tv.png in Resources */ = {isa = PBXBuildFile; fileRef = 0069FB4F16B49A28001CF155 /* tv.png */; };
		0069FB5416B49A28001CF155 /* tv@2x.png in Resources */ = {isa = PBXBuildFile; fileRef = 0069FB5016B49A28001CF155 /* tv@2x.png */; };
		0069FB5616B49B3E001CF155 /* MYPlaylistTabViewController.xib in Resources */ = {isa = PBXBuildFile; fileRef = 0069FB5516B49B3D001CF155 /* MYPlaylistTabViewController.xib */; };
		0069FB5B16B4A0AA001CF155 /* download.png in Resources */ = {isa = PBXBuildFile; fileRef = 0069FB5716B4A0AA001CF155 /* download.png */; };
		0069FB5C16B4A0AA001CF155 /* download@2x.png in Resources */ = {isa = PBXBuildFile; fileRef = 0069FB5816B4A0AA001CF155 /* download@2x.png */; };
		0069FB6116B4A0DE001CF155 /* clapboard.png in Resources */ = {isa = PBXBuildFile; fileRef = 0069FB5F16B4A0DE001CF155 /* clapboard.png */; };
		0069FB6216B4A0DE001CF155 /* clapboard@2x.png in Resources */ = {isa = PBXBuildFile; fileRef = 0069FB6016B4A0DE001CF155 /* clapboard@2x.png */; };
		0069FB6516B4AAE2001CF155 /* Unplayed.png in Resources */ = {isa = PBXBuildFile; fileRef = 0069FB6316B4AAE2001CF155 /* Unplayed.png */; };
		0069FB6616B4AAE2001CF155 /* Unplayed@2x.png in Resources */ = {isa = PBXBuildFile; fileRef = 0069FB6416B4AAE2001CF155 /* Unplayed@2x.png */; };
		0069FB6816B4B0B5001CF155 /* MYTTVShowHeader.xib in Resources */ = {isa = PBXBuildFile; fileRef = 0069FB6716B4B0B5001CF155 /* MYTTVShowHeader.xib */; };
		0069FB6B16B4B112001CF155 /* MYTTVShowHeader.m in Sources */ = {isa = PBXBuildFile; fileRef = 0069FB6A16B4B112001CF155 /* MYTTVShowHeader.m */; };
		0072341716AC0FE9008C1623 /* MMContentAssembler+Client.m in Sources */ = {isa = PBXBuildFile; fileRef = 0072339A16AC0FE9008C1623 /* MMContentAssembler+Client.m */; };
		0072341816AC0FE9008C1623 /* MMTitleAssembler+Client.m in Sources */ = {isa = PBXBuildFile; fileRef = 0072339C16AC0FE9008C1623 /* MMTitleAssembler+Client.m */; };
		0072341D16AC0FE9008C1623 /* MYTServer.m in Sources */ = {isa = PBXBuildFile; fileRef = 007233AB16AC0FE9008C1623 /* MYTServer.m */; };
		0072342516AC0FE9008C1623 /* NSNumber+NonZero.m in Sources */ = {isa = PBXBuildFile; fileRef = 007233BA16AC0FE9008C1623 /* NSNumber+NonZero.m */; };
		0072342816AC0FE9008C1623 /* MYTHomeViewController_iPad.xib in Resources */ = {isa = PBXBuildFile; fileRef = 007233C116AC0FE9008C1623 /* MYTHomeViewController_iPad.xib */; };
		0072342916AC0FE9008C1623 /* MYTHomeViewController_iPhone.xib in Resources */ = {isa = PBXBuildFile; fileRef = 007233C216AC0FE9008C1623 /* MYTHomeViewController_iPhone.xib */; };
		0072342A16AC0FE9008C1623 /* MYTHomeViewController.m in Sources */ = {isa = PBXBuildFile; fileRef = 007233C416AC0FE9008C1623 /* MYTHomeViewController.m */; };
		0072349716AC19D3008C1623 /* InfoPlist.strings in Resources */ = {isa = PBXBuildFile; fileRef = 0072348F16AC19D3008C1623 /* InfoPlist.strings */; };
		0072349816AC19D3008C1623 /* main.m in Sources */ = {isa = PBXBuildFile; fileRef = 0072349016AC19D3008C1623 /* main.m */; };
		0072349916AC19D3008C1623 /* MainWindow_iPad.xib in Resources */ = {isa = PBXBuildFile; fileRef = 0072349116AC19D3008C1623 /* MainWindow_iPad.xib */; };
		0072349A16AC19D3008C1623 /* MainWindow_iPhone.xib in Resources */ = {isa = PBXBuildFile; fileRef = 0072349216AC19D3008C1623 /* MainWindow_iPhone.xib */; };
		0072349B16AC19D3008C1623 /* MYTAppDelegate.m in Sources */ = {isa = PBXBuildFile; fileRef = 0072349416AC19D3008C1623 /* MYTAppDelegate.m */; };
		0072361A16ACF82B008C1623 /* MYTServerStore.m in Sources */ = {isa = PBXBuildFile; fileRef = 0072361916ACF82B008C1623 /* MYTServerStore.m */; };
		0072365A16AD0818008C1623 /* MYTServerView_iPad.xib in Resources */ = {isa = PBXBuildFile; fileRef = 0072365616AD0815008C1623 /* MYTServerView_iPad.xib */; };
		0072365B16AD0818008C1623 /* MYTServerView_iPhone.xib in Resources */ = {isa = PBXBuildFile; fileRef = 0072365716AD0816008C1623 /* MYTServerView_iPhone.xib */; };
		0072365C16AD0818008C1623 /* MYTServerView.m in Sources */ = {isa = PBXBuildFile; fileRef = 0072365916AD0817008C1623 /* MYTServerView.m */; };
		007236EB16AD444A008C1623 /* MYTLibraryStore.m in Sources */ = {isa = PBXBuildFile; fileRef = 007236EA16AD444A008C1623 /* MYTLibraryStore.m */; };
		0072373016AD54CF008C1623 /* MYTPlaylistViewController.m in Sources */ = {isa = PBXBuildFile; fileRef = 0072372F16AD54CE008C1623 /* MYTPlaylistViewController.m */; };
		0072373216AD54E8008C1623 /* MYTPlaylistViewController.xib in Resources */ = {isa = PBXBuildFile; fileRef = 0072373116AD54E4008C1623 /* MYTPlaylistViewController.xib */; };
		0072373916AD573F008C1623 /* MYTMoviePlaylistDataSource.m in Sources */ = {isa = PBXBuildFile; fileRef = 0072373816AD573F008C1623 /* MYTMoviePlaylistDataSource.m */; };
		009A1F6416B4E314004AF368 /* button.png in Resources */ = {isa = PBXBuildFile; fileRef = 009A1F6216B4E314004AF368 /* button.png */; };
		009A1F6516B4E314004AF368 /* button@2x.png in Resources */ = {isa = PBXBuildFile; fileRef = 009A1F6316B4E314004AF368 /* button@2x.png */; };
		009A1F9E16B50801004AF368 /* MYTEncoderStore.m in Sources */ = {isa = PBXBuildFile; fileRef = 009A1F9D16B50801004AF368 /* MYTEncoderStore.m */; };
		009A1FA116B50955004AF368 /* MMEncoderResources.m in Sources */ = {isa = PBXBuildFile; fileRef = 009A1FA016B50955004AF368 /* MMEncoderResources.m */; };
		009A1FA416B51392004AF368 /* MYTEncoderResourceCell.m in Sources */ = {isa = PBXBuildFile; fileRef = 009A1FA316B51392004AF368 /* MYTEncoderResourceCell.m */; };
		009A1FA616B513A1004AF368 /* MYTEncoderResourceActiveCell.xib in Resources */ = {isa = PBXBuildFile; fileRef = 009A1FA516B513A1004AF368 /* MYTEncoderResourceActiveCell.xib */; };
		009A1FA916B513EA004AF368 /* checkmark.png in Resources */ = {isa = PBXBuildFile; fileRef = 009A1FA716B513EA004AF368 /* checkmark.png */; };
		009A1FAA16B513EA004AF368 /* checkmark@2x.png in Resources */ = {isa = PBXBuildFile; fileRef = 009A1FA816B513EA004AF368 /* checkmark@2x.png */; };
		009A1FAC16B5150D004AF368 /* MYTEncoderResourceCell.xib in Resources */ = {isa = PBXBuildFile; fileRef = 009A1FAB16B5150D004AF368 /* MYTEncoderResourceCell.xib */; };
		009A1FB016B51DCA004AF368 /* MYTTitleListViewController.m in Sources */ = {isa = PBXBuildFile; fileRef = 009A1FAF16B51DCA004AF368 /* MYTTitleListViewController.m */; };
		009A1FB216B51E01004AF368 /* MYTTitleListViewController.xib in Resources */ = {isa = PBXBuildFile; fileRef = 009A1FB116B51E01004AF368 /* MYTTitleListViewController.xib */; };
		009A1FB516B524B2004AF368 /* MYTTitleCell.m in Sources */ = {isa = PBXBuildFile; fileRef = 009A1FB416B524B2004AF368 /* MYTTitleCell.m */; };
		009A1FB716B524C5004AF368 /* MYTTitleCell.xib in Resources */ = {isa = PBXBuildFile; fileRef = 009A1FB616B524C5004AF368 /* MYTTitleCell.xib */; };
		A3221172AA3E4E608F1F916D /* libPods.a in Frameworks */ = {isa = PBXBuildFile; fileRef = 01277D429E354F1F98E38650 /* libPods.a */; };
/* End PBXBuildFile section */

/* Begin PBXFileReference section */
		0000C03016AD577D0009BE81 /* MYTMovieCell.xib */ = {isa = PBXFileReference; fileEncoding = 4; lastKnownFileType = file.xib; path = MYTMovieCell.xib; sourceTree = "<group>"; };
		0000C04A16ADEAB10009BE81 /* MMMoviesPlaylist.h */ = {isa = PBXFileReference; fileEncoding = 4; lastKnownFileType = sourcecode.c.h; path = MMMoviesPlaylist.h; sourceTree = "<group>"; };
		0000C04B16ADEAB10009BE81 /* MMMoviesPlaylist.m */ = {isa = PBXFileReference; fileEncoding = 4; lastKnownFileType = sourcecode.c.objc; path = MMMoviesPlaylist.m; sourceTree = "<group>"; };
		0000C04D16ADEAB10009BE81 /* MMTVShow.h */ = {isa = PBXFileReference; fileEncoding = 4; lastKnownFileType = sourcecode.c.h; path = MMTVShow.h; sourceTree = "<group>"; };
		0000C04E16ADEAB10009BE81 /* MMTVShow.m */ = {isa = PBXFileReference; fileEncoding = 4; lastKnownFileType = sourcecode.c.objc; path = MMTVShow.m; sourceTree = "<group>"; };
		0000C04F16ADEAB10009BE81 /* MMTVShowPlaylist.h */ = {isa = PBXFileReference; fileEncoding = 4; lastKnownFileType = sourcecode.c.h; path = MMTVShowPlaylist.h; sourceTree = "<group>"; };
		0000C05016ADEAB10009BE81 /* MMTVShowPlaylist.m */ = {isa = PBXFileReference; fileEncoding = 4; lastKnownFileType = sourcecode.c.objc; path = MMTVShowPlaylist.m; sourceTree = "<group>"; };
		0000C05116ADEAB10009BE81 /* MMTVShowSeason.h */ = {isa = PBXFileReference; fileEncoding = 4; lastKnownFileType = sourcecode.c.h; path = MMTVShowSeason.h; sourceTree = "<group>"; };
		0000C05216ADEAB10009BE81 /* MMTVShowSeason.m */ = {isa = PBXFileReference; fileEncoding = 4; lastKnownFileType = sourcecode.c.objc; path = MMTVShowSeason.m; sourceTree = "<group>"; };
		0000C07716ADF8890009BE81 /* MYTPlaylistContentDataSource.h */ = {isa = PBXFileReference; fileEncoding = 4; lastKnownFileType = sourcecode.c.h; path = MYTPlaylistContentDataSource.h; sourceTree = "<group>"; };
		0000C07816ADFCD70009BE81 /* MYTTVShowPlaylistDataSource.h */ = {isa = PBXFileReference; fileEncoding = 4; lastKnownFileType = sourcecode.c.h; path = MYTTVShowPlaylistDataSource.h; sourceTree = "<group>"; };
		0000C07916ADFCD70009BE81 /* MYTTVShowPlaylistDataSource.m */ = {isa = PBXFileReference; fileEncoding = 4; lastKnownFileType = sourcecode.c.objc; path = MYTTVShowPlaylistDataSource.m; sourceTree = "<group>"; };
		0000C07E16AE05270009BE81 /* MYTContentCell.h */ = {isa = PBXFileReference; fileEncoding = 4; lastKnownFileType = sourcecode.c.h; path = MYTContentCell.h; sourceTree = "<group>"; };
		0000C07F16AE05270009BE81 /* MYTContentCell.m */ = {isa = PBXFileReference; fileEncoding = 4; lastKnownFileType = sourcecode.c.objc; path = MYTContentCell.m; sourceTree = "<group>"; };
		0000C08116AE05430009BE81 /* MYTTVShowCell.xib */ = {isa = PBXFileReference; fileEncoding = 4; lastKnownFileType = file.xib; path = MYTTVShowCell.xib; sourceTree = "<group>"; };
		0000C08E16AE1C0F0009BE81 /* Default-568h@2x.png */ = {isa = PBXFileReference; lastKnownFileType = image.png; path = "Default-568h@2x.png"; sourceTree = "<group>"; };
		000A5D0316B539890013C16D /* MYTAudioSubtitleTrackCell.h */ = {isa = PBXFileReference; fileEncoding = 4; lastKnownFileType = sourcecode.c.h; path = MYTAudioSubtitleTrackCell.h; sourceTree = "<group>"; };
		000A5D0416B5398A0013C16D /* MYTAudioSubtitleTrackCell.m */ = {isa = PBXFileReference; fileEncoding = 4; lastKnownFileType = sourcecode.c.objc; path = MYTAudioSubtitleTrackCell.m; sourceTree = "<group>"; };
		000A5D0616B539960013C16D /* MYTAudioSubtitleTrackCell.xib */ = {isa = PBXFileReference; fileEncoding = 4; lastKnownFileType = file.xib; path = MYTAudioSubtitleTrackCell.xib; sourceTree = "<group>"; };
		000A5D2C16B5F9080013C16D /* clock.png */ = {isa = PBXFileReference; lastKnownFileType = image.png; path = clock.png; sourceTree = "<group>"; };
		000A5D2D16B5F9080013C16D /* clock@2x.png */ = {isa = PBXFileReference; lastKnownFileType = image.png; path = "clock@2x.png"; sourceTree = "<group>"; };
		002A0AE11324549D00320A06 /* MyTunes.app */ = {isa = PBXFileReference; explicitFileType = wrapper.application; includeInIndex = 0; path = MyTunes.app; sourceTree = BUILT_PRODUCTS_DIR; };
		002A0AE51324549D00320A06 /* UIKit.framework */ = {isa = PBXFileReference; lastKnownFileType = wrapper.framework; name = UIKit.framework; path = System/Library/Frameworks/UIKit.framework; sourceTree = SDKROOT; };
		002A0AE71324549D00320A06 /* Foundation.framework */ = {isa = PBXFileReference; lastKnownFileType = wrapper.framework; name = Foundation.framework; path = System/Library/Frameworks/Foundation.framework; sourceTree = SDKROOT; };
		002A0AE91324549D00320A06 /* CoreGraphics.framework */ = {isa = PBXFileReference; lastKnownFileType = wrapper.framework; name = CoreGraphics.framework; path = System/Library/Frameworks/CoreGraphics.framework; sourceTree = SDKROOT; };
		004843FF16B4C39F0098843E /* MYTLibraryHeader.h */ = {isa = PBXFileReference; fileEncoding = 4; lastKnownFileType = sourcecode.c.h; path = MYTLibraryHeader.h; sourceTree = "<group>"; };
		0048440016B4C39F0098843E /* MYTLibraryHeader.m */ = {isa = PBXFileReference; fileEncoding = 4; lastKnownFileType = sourcecode.c.objc; path = MYTLibraryHeader.m; sourceTree = "<group>"; };
		0048440216B4C3AF0098843E /* MYTLibraryHeader.xib */ = {isa = PBXFileReference; fileEncoding = 4; lastKnownFileType = file.xib; path = MYTLibraryHeader.xib; sourceTree = "<group>"; };
		0069FAF816B3C336001CF155 /* textborder.png */ = {isa = PBXFileReference; lastKnownFileType = image.png; path = textborder.png; sourceTree = "<group>"; };
		0069FAF916B3C336001CF155 /* textborder@2x.png */ = {isa = PBXFileReference; lastKnownFileType = image.png; path = "textborder@2x.png"; sourceTree = "<group>"; };
		0069FB2A16B4896E001CF155 /* MYTEditViewController.h */ = {isa = PBXFileReference; fileEncoding = 4; lastKnownFileType = sourcecode.c.h; path = MYTEditViewController.h; sourceTree = "<group>"; };
		0069FB2B16B4896E001CF155 /* MYTEditViewController.m */ = {isa = PBXFileReference; fileEncoding = 4; lastKnownFileType = sourcecode.c.objc; path = MYTEditViewController.m; sourceTree = "<group>"; };
		0069FB2C16B4896E001CF155 /* MYTEditViewController.xib */ = {isa = PBXFileReference; fileEncoding = 4; lastKnownFileType = file.xib; path = MYTEditViewController.xib; sourceTree = "<group>"; };
		0069FB2D16B4896E001CF155 /* MYTMovieEditViewController.xib */ = {isa = PBXFileReference; fileEncoding = 4; lastKnownFileType = file.xib; path = MYTMovieEditViewController.xib; sourceTree = "<group>"; };
		0069FB2E16B4896E001CF155 /* MYTTVShowEditViewController.xib */ = {isa = PBXFileReference; fileEncoding = 4; lastKnownFileType = file.xib; path = MYTTVShowEditViewController.xib; sourceTree = "<group>"; };
		0069FB3416B48F5C001CF155 /* MMPlaylistCell.xib */ = {isa = PBXFileReference; fileEncoding = 4; lastKnownFileType = file.xib; path = MMPlaylistCell.xib; sourceTree = "<group>"; };
		0069FB3516B48F5C001CF155 /* MYTLibraryListViewController.h */ = {isa = PBXFileReference; fileEncoding = 4; lastKnownFileType = sourcecode.c.h; path = MYTLibraryListViewController.h; sourceTree = "<group>"; };
		0069FB3616B48F5C001CF155 /* MYTLibraryListViewController.m */ = {isa = PBXFileReference; fileEncoding = 4; lastKnownFileType = sourcecode.c.objc; path = MYTLibraryListViewController.m; sourceTree = "<group>"; };
		0069FB3716B48F5C001CF155 /* MYTLibraryListViewController.xib */ = {isa = PBXFileReference; fileEncoding = 4; lastKnownFileType = file.xib; path = MYTLibraryListViewController.xib; sourceTree = "<group>"; };
		0069FB3816B48F5C001CF155 /* MYTLibrarySplitViewController.h */ = {isa = PBXFileReference; fileEncoding = 4; lastKnownFileType = sourcecode.c.h; path = MYTLibrarySplitViewController.h; sourceTree = "<group>"; };
		0069FB3916B48F5C001CF155 /* MYTLibrarySplitViewController.m */ = {isa = PBXFileReference; fileEncoding = 4; lastKnownFileType = sourcecode.c.objc; path = MYTLibrarySplitViewController.m; sourceTree = "<group>"; };
		0069FB3A16B48F5C001CF155 /* MYTLibrarySplitViewController.xib */ = {isa = PBXFileReference; fileEncoding = 4; lastKnownFileType = file.xib; path = MYTLibrarySplitViewController.xib; sourceTree = "<group>"; };
		0069FB3B16B48F5C001CF155 /* MYTPlaylistCell.h */ = {isa = PBXFileReference; fileEncoding = 4; lastKnownFileType = sourcecode.c.h; path = MYTPlaylistCell.h; sourceTree = "<group>"; };
		0069FB3C16B48F5C001CF155 /* MYTPlaylistCell.m */ = {isa = PBXFileReference; fileEncoding = 4; lastKnownFileType = sourcecode.c.objc; path = MYTPlaylistCell.m; sourceTree = "<group>"; };
		0069FB4416B49312001CF155 /* MYTEncoderDataSource.h */ = {isa = PBXFileReference; fileEncoding = 4; lastKnownFileType = sourcecode.c.h; path = MYTEncoderDataSource.h; sourceTree = "<group>"; };
		0069FB4516B49312001CF155 /* MYTEncoderDataSource.m */ = {isa = PBXFileReference; fileEncoding = 4; lastKnownFileType = sourcecode.c.objc; path = MYTEncoderDataSource.m; sourceTree = "<group>"; };
		0069FB4F16B49A28001CF155 /* tv.png */ = {isa = PBXFileReference; lastKnownFileType = image.png; path = tv.png; sourceTree = "<group>"; };
		0069FB5016B49A28001CF155 /* tv@2x.png */ = {isa = PBXFileReference; lastKnownFileType = image.png; path = "tv@2x.png"; sourceTree = "<group>"; };
		0069FB5516B49B3D001CF155 /* MYPlaylistTabViewController.xib */ = {isa = PBXFileReference; fileEncoding = 4; lastKnownFileType = file.xib; path = MYPlaylistTabViewController.xib; sourceTree = "<group>"; };
		0069FB5716B4A0AA001CF155 /* download.png */ = {isa = PBXFileReference; lastKnownFileType = image.png; path = download.png; sourceTree = "<group>"; };
		0069FB5816B4A0AA001CF155 /* download@2x.png */ = {isa = PBXFileReference; lastKnownFileType = image.png; path = "download@2x.png"; sourceTree = "<group>"; };
		0069FB5F16B4A0DE001CF155 /* clapboard.png */ = {isa = PBXFileReference; lastKnownFileType = image.png; path = clapboard.png; sourceTree = "<group>"; };
		0069FB6016B4A0DE001CF155 /* clapboard@2x.png */ = {isa = PBXFileReference; lastKnownFileType = image.png; path = "clapboard@2x.png"; sourceTree = "<group>"; };
		0069FB6316B4AAE2001CF155 /* Unplayed.png */ = {isa = PBXFileReference; lastKnownFileType = image.png; path = Unplayed.png; sourceTree = "<group>"; };
		0069FB6416B4AAE2001CF155 /* Unplayed@2x.png */ = {isa = PBXFileReference; lastKnownFileType = image.png; path = "Unplayed@2x.png"; sourceTree = "<group>"; };
		0069FB6716B4B0B5001CF155 /* MYTTVShowHeader.xib */ = {isa = PBXFileReference; fileEncoding = 4; lastKnownFileType = file.xib; path = MYTTVShowHeader.xib; sourceTree = "<group>"; };
		0069FB6916B4B112001CF155 /* MYTTVShowHeader.h */ = {isa = PBXFileReference; fileEncoding = 4; lastKnownFileType = sourcecode.c.h; path = MYTTVShowHeader.h; sourceTree = "<group>"; };
		0069FB6A16B4B112001CF155 /* MYTTVShowHeader.m */ = {isa = PBXFileReference; fileEncoding = 4; lastKnownFileType = sourcecode.c.objc; path = MYTTVShowHeader.m; sourceTree = "<group>"; };
		0072339916AC0FE9008C1623 /* MMContentAssembler+Client.h */ = {isa = PBXFileReference; fileEncoding = 4; lastKnownFileType = sourcecode.c.h; path = "MMContentAssembler+Client.h"; sourceTree = "<group>"; };
		0072339A16AC0FE9008C1623 /* MMContentAssembler+Client.m */ = {isa = PBXFileReference; fileEncoding = 4; lastKnownFileType = sourcecode.c.objc; path = "MMContentAssembler+Client.m"; sourceTree = "<group>"; };
		0072339B16AC0FE9008C1623 /* MMTitleAssembler+Client.h */ = {isa = PBXFileReference; fileEncoding = 4; lastKnownFileType = sourcecode.c.h; path = "MMTitleAssembler+Client.h"; sourceTree = "<group>"; };
		0072339C16AC0FE9008C1623 /* MMTitleAssembler+Client.m */ = {isa = PBXFileReference; fileEncoding = 4; lastKnownFileType = sourcecode.c.objc; path = "MMTitleAssembler+Client.m"; sourceTree = "<group>"; };
		007233AA16AC0FE9008C1623 /* MYTServer.h */ = {isa = PBXFileReference; fileEncoding = 4; lastKnownFileType = sourcecode.c.h; path = MYTServer.h; sourceTree = "<group>"; };
		007233AB16AC0FE9008C1623 /* MYTServer.m */ = {isa = PBXFileReference; fileEncoding = 4; lastKnownFileType = sourcecode.c.objc; path = MYTServer.m; sourceTree = "<group>"; };
		007233B916AC0FE9008C1623 /* NSNumber+NonZero.h */ = {isa = PBXFileReference; fileEncoding = 4; lastKnownFileType = sourcecode.c.h; path = "NSNumber+NonZero.h"; sourceTree = "<group>"; };
		007233BA16AC0FE9008C1623 /* NSNumber+NonZero.m */ = {isa = PBXFileReference; fileEncoding = 4; lastKnownFileType = sourcecode.c.objc; path = "NSNumber+NonZero.m"; sourceTree = "<group>"; };
		007233C116AC0FE9008C1623 /* MYTHomeViewController_iPad.xib */ = {isa = PBXFileReference; fileEncoding = 4; lastKnownFileType = file.xib; path = MYTHomeViewController_iPad.xib; sourceTree = "<group>"; };
		007233C216AC0FE9008C1623 /* MYTHomeViewController_iPhone.xib */ = {isa = PBXFileReference; fileEncoding = 4; lastKnownFileType = file.xib; path = MYTHomeViewController_iPhone.xib; sourceTree = "<group>"; };
		007233C316AC0FE9008C1623 /* MYTHomeViewController.h */ = {isa = PBXFileReference; fileEncoding = 4; lastKnownFileType = sourcecode.c.h; path = MYTHomeViewController.h; sourceTree = "<group>"; };
		007233C416AC0FE9008C1623 /* MYTHomeViewController.m */ = {isa = PBXFileReference; fileEncoding = 4; lastKnownFileType = sourcecode.c.objc; path = MYTHomeViewController.m; sourceTree = "<group>"; };
		0072348F16AC19D3008C1623 /* InfoPlist.strings */ = {isa = PBXFileReference; fileEncoding = 4; lastKnownFileType = text.plist.strings; path = InfoPlist.strings; sourceTree = "<group>"; };
		0072349016AC19D3008C1623 /* main.m */ = {isa = PBXFileReference; fileEncoding = 4; lastKnownFileType = sourcecode.c.objc; path = main.m; sourceTree = "<group>"; };
		0072349116AC19D3008C1623 /* MainWindow_iPad.xib */ = {isa = PBXFileReference; fileEncoding = 4; lastKnownFileType = file.xib; path = MainWindow_iPad.xib; sourceTree = "<group>"; };
		0072349216AC19D3008C1623 /* MainWindow_iPhone.xib */ = {isa = PBXFileReference; fileEncoding = 4; lastKnownFileType = file.xib; path = MainWindow_iPhone.xib; sourceTree = "<group>"; };
		0072349316AC19D3008C1623 /* MYTAppDelegate.h */ = {isa = PBXFileReference; fileEncoding = 4; lastKnownFileType = sourcecode.c.h; path = MYTAppDelegate.h; sourceTree = "<group>"; };
		0072349416AC19D3008C1623 /* MYTAppDelegate.m */ = {isa = PBXFileReference; fileEncoding = 4; lastKnownFileType = sourcecode.c.objc; path = MYTAppDelegate.m; sourceTree = "<group>"; };
		0072349516AC19D3008C1623 /* MyTunes-Info.plist */ = {isa = PBXFileReference; fileEncoding = 4; lastKnownFileType = text.plist.xml; path = "MyTunes-Info.plist"; sourceTree = "<group>"; };
		0072349616AC19D3008C1623 /* MyTunes-Prefix.pch */ = {isa = PBXFileReference; fileEncoding = 4; lastKnownFileType = sourcecode.c.h; path = "MyTunes-Prefix.pch"; sourceTree = "<group>"; };
		0072361816ACF82B008C1623 /* MYTServerStore.h */ = {isa = PBXFileReference; fileEncoding = 4; lastKnownFileType = sourcecode.c.h; path = MYTServerStore.h; sourceTree = "<group>"; };
		0072361916ACF82B008C1623 /* MYTServerStore.m */ = {isa = PBXFileReference; fileEncoding = 4; lastKnownFileType = sourcecode.c.objc; path = MYTServerStore.m; sourceTree = "<group>"; };
		0072361B16ACF921008C1623 /* MYTServerStoreDelegate.h */ = {isa = PBXFileReference; fileEncoding = 4; lastKnownFileType = sourcecode.c.h; path = MYTServerStoreDelegate.h; sourceTree = "<group>"; };
		0072365616AD0815008C1623 /* MYTServerView_iPad.xib */ = {isa = PBXFileReference; fileEncoding = 4; lastKnownFileType = file.xib; path = MYTServerView_iPad.xib; sourceTree = "<group>"; };
		0072365716AD0816008C1623 /* MYTServerView_iPhone.xib */ = {isa = PBXFileReference; fileEncoding = 4; lastKnownFileType = file.xib; path = MYTServerView_iPhone.xib; sourceTree = "<group>"; };
		0072365816AD0817008C1623 /* MYTServerView.h */ = {isa = PBXFileReference; fileEncoding = 4; lastKnownFileType = sourcecode.c.h; path = MYTServerView.h; sourceTree = "<group>"; };
		0072365916AD0817008C1623 /* MYTServerView.m */ = {isa = PBXFileReference; fileEncoding = 4; lastKnownFileType = sourcecode.c.objc; path = MYTServerView.m; sourceTree = "<group>"; };
		007236E916AD444A008C1623 /* MYTLibraryStore.h */ = {isa = PBXFileReference; fileEncoding = 4; lastKnownFileType = sourcecode.c.h; path = MYTLibraryStore.h; sourceTree = "<group>"; };
		007236EA16AD444A008C1623 /* MYTLibraryStore.m */ = {isa = PBXFileReference; fileEncoding = 4; lastKnownFileType = sourcecode.c.objc; path = MYTLibraryStore.m; sourceTree = "<group>"; };
		007236F116AD47E7008C1623 /* Podfile */ = {isa = PBXFileReference; lastKnownFileType = text; path = Podfile; sourceTree = "<group>"; };
		0072372E16AD54CD008C1623 /* MYTPlaylistViewController.h */ = {isa = PBXFileReference; fileEncoding = 4; lastKnownFileType = sourcecode.c.h; path = MYTPlaylistViewController.h; sourceTree = "<group>"; };
		0072372F16AD54CE008C1623 /* MYTPlaylistViewController.m */ = {isa = PBXFileReference; fileEncoding = 4; lastKnownFileType = sourcecode.c.objc; path = MYTPlaylistViewController.m; sourceTree = "<group>"; };
		0072373116AD54E4008C1623 /* MYTPlaylistViewController.xib */ = {isa = PBXFileReference; fileEncoding = 4; lastKnownFileType = file.xib; path = MYTPlaylistViewController.xib; sourceTree = "<group>"; };
		0072373716AD573F008C1623 /* MYTMoviePlaylistDataSource.h */ = {isa = PBXFileReference; fileEncoding = 4; lastKnownFileType = sourcecode.c.h; path = MYTMoviePlaylistDataSource.h; sourceTree = "<group>"; };
		0072373816AD573F008C1623 /* MYTMoviePlaylistDataSource.m */ = {isa = PBXFileReference; fileEncoding = 4; lastKnownFileType = sourcecode.c.objc; path = MYTMoviePlaylistDataSource.m; sourceTree = "<group>"; };
		009A1F6216B4E314004AF368 /* button.png */ = {isa = PBXFileReference; lastKnownFileType = image.png; path = button.png; sourceTree = "<group>"; };
		009A1F6316B4E314004AF368 /* button@2x.png */ = {isa = PBXFileReference; lastKnownFileType = image.png; path = "button@2x.png"; sourceTree = "<group>"; };
		009A1F9C16B50801004AF368 /* MYTEncoderStore.h */ = {isa = PBXFileReference; fileEncoding = 4; lastKnownFileType = sourcecode.c.h; path = MYTEncoderStore.h; sourceTree = "<group>"; };
		009A1F9D16B50801004AF368 /* MYTEncoderStore.m */ = {isa = PBXFileReference; fileEncoding = 4; lastKnownFileType = sourcecode.c.objc; path = MYTEncoderStore.m; sourceTree = "<group>"; };
		009A1F9F16B50955004AF368 /* MMEncoderResources.h */ = {isa = PBXFileReference; fileEncoding = 4; lastKnownFileType = sourcecode.c.h; path = MMEncoderResources.h; sourceTree = "<group>"; };
		009A1FA016B50955004AF368 /* MMEncoderResources.m */ = {isa = PBXFileReference; fileEncoding = 4; lastKnownFileType = sourcecode.c.objc; path = MMEncoderResources.m; sourceTree = "<group>"; };
		009A1FA216B51392004AF368 /* MYTEncoderResourceCell.h */ = {isa = PBXFileReference; fileEncoding = 4; lastKnownFileType = sourcecode.c.h; path = MYTEncoderResourceCell.h; sourceTree = "<group>"; };
		009A1FA316B51392004AF368 /* MYTEncoderResourceCell.m */ = {isa = PBXFileReference; fileEncoding = 4; lastKnownFileType = sourcecode.c.objc; path = MYTEncoderResourceCell.m; sourceTree = "<group>"; };
		009A1FA516B513A1004AF368 /* MYTEncoderResourceActiveCell.xib */ = {isa = PBXFileReference; fileEncoding = 4; lastKnownFileType = file.xib; path = MYTEncoderResourceActiveCell.xib; sourceTree = "<group>"; };
		009A1FA716B513EA004AF368 /* checkmark.png */ = {isa = PBXFileReference; lastKnownFileType = image.png; path = checkmark.png; sourceTree = "<group>"; };
		009A1FA816B513EA004AF368 /* checkmark@2x.png */ = {isa = PBXFileReference; lastKnownFileType = image.png; path = "checkmark@2x.png"; sourceTree = "<group>"; };
		009A1FAB16B5150D004AF368 /* MYTEncoderResourceCell.xib */ = {isa = PBXFileReference; fileEncoding = 4; lastKnownFileType = file.xib; path = MYTEncoderResourceCell.xib; sourceTree = "<group>"; };
		009A1FAE16B51DCA004AF368 /* MYTTitleListViewController.h */ = {isa = PBXFileReference; fileEncoding = 4; lastKnownFileType = sourcecode.c.h; path = MYTTitleListViewController.h; sourceTree = "<group>"; };
		009A1FAF16B51DCA004AF368 /* MYTTitleListViewController.m */ = {isa = PBXFileReference; fileEncoding = 4; lastKnownFileType = sourcecode.c.objc; path = MYTTitleListViewController.m; sourceTree = "<group>"; };
		009A1FB116B51E01004AF368 /* MYTTitleListViewController.xib */ = {isa = PBXFileReference; fileEncoding = 4; lastKnownFileType = file.xib; path = MYTTitleListViewController.xib; sourceTree = "<group>"; };
		009A1FB316B524B2004AF368 /* MYTTitleCell.h */ = {isa = PBXFileReference; fileEncoding = 4; lastKnownFileType = sourcecode.c.h; path = MYTTitleCell.h; sourceTree = "<group>"; };
		009A1FB416B524B2004AF368 /* MYTTitleCell.m */ = {isa = PBXFileReference; fileEncoding = 4; lastKnownFileType = sourcecode.c.objc; path = MYTTitleCell.m; sourceTree = "<group>"; };
		009A1FB616B524C5004AF368 /* MYTTitleCell.xib */ = {isa = PBXFileReference; fileEncoding = 4; lastKnownFileType = file.xib; path = MYTTitleCell.xib; sourceTree = "<group>"; };
		00DC022E1597EB4E00F891C9 /* Rakefile */ = {isa = PBXFileReference; lastKnownFileType = text; path = Rakefile; sourceTree = "<group>"; };
		01277D429E354F1F98E38650 /* libPods.a */ = {isa = PBXFileReference; explicitFileType = archive.ar; includeInIndex = 0; path = libPods.a; sourceTree = BUILT_PRODUCTS_DIR; };
		DCAD1AC3D37C4A4FA597F994 /* Pods.xcconfig */ = {isa = PBXFileReference; includeInIndex = 1; lastKnownFileType = text.xcconfig; name = Pods.xcconfig; path = Pods/Pods.xcconfig; sourceTree = SOURCE_ROOT; };
/* End PBXFileReference section */

/* Begin PBXFrameworksBuildPhase section */
		002A0ADE1324549D00320A06 /* Frameworks */ = {
			isa = PBXFrameworksBuildPhase;
			buildActionMask = 2147483647;
			files = (
				002A0AE61324549D00320A06 /* UIKit.framework in Frameworks */,
				002A0AE81324549D00320A06 /* Foundation.framework in Frameworks */,
				002A0AEA1324549D00320A06 /* CoreGraphics.framework in Frameworks */,
				A3221172AA3E4E608F1F916D /* libPods.a in Frameworks */,
			);
			runOnlyForDeploymentPostprocessing = 0;
		};
/* End PBXFrameworksBuildPhase section */

/* Begin PBXGroup section */
		0000C03216AD59C20009BE81 /* TVShow */ = {
			isa = PBXGroup;
			children = (
				0000C07816ADFCD70009BE81 /* MYTTVShowPlaylistDataSource.h */,
				0000C07916ADFCD70009BE81 /* MYTTVShowPlaylistDataSource.m */,
				0000C08116AE05430009BE81 /* MYTTVShowCell.xib */,
				0069FB6916B4B112001CF155 /* MYTTVShowHeader.h */,
				0069FB6A16B4B112001CF155 /* MYTTVShowHeader.m */,
				0069FB6716B4B0B5001CF155 /* MYTTVShowHeader.xib */,
			);
			path = TVShow;
			sourceTree = "<group>";
		};
		0000C04816ADEAB10009BE81 /* playlist */ = {
			isa = PBXGroup;
			children = (
				0000C04916ADEAB10009BE81 /* movies */,
				0000C04C16ADEAB10009BE81 /* shows */,
			);
			path = playlist;
			sourceTree = "<group>";
		};
		0000C04916ADEAB10009BE81 /* movies */ = {
			isa = PBXGroup;
			children = (
				0000C04A16ADEAB10009BE81 /* MMMoviesPlaylist.h */,
				0000C04B16ADEAB10009BE81 /* MMMoviesPlaylist.m */,
			);
			path = movies;
			sourceTree = "<group>";
		};
		0000C04C16ADEAB10009BE81 /* shows */ = {
			isa = PBXGroup;
			children = (
				0000C04D16ADEAB10009BE81 /* MMTVShow.h */,
				0000C04E16ADEAB10009BE81 /* MMTVShow.m */,
				0000C04F16ADEAB10009BE81 /* MMTVShowPlaylist.h */,
				0000C05016ADEAB10009BE81 /* MMTVShowPlaylist.m */,
				0000C05116ADEAB10009BE81 /* MMTVShowSeason.h */,
				0000C05216ADEAB10009BE81 /* MMTVShowSeason.m */,
			);
			path = shows;
			sourceTree = "<group>";
		};
		0000C06D16ADF0430009BE81 /* playlists */ = {
			isa = PBXGroup;
			children = (
				0069FB5F16B4A0DE001CF155 /* clapboard.png */,
				0069FB6016B4A0DE001CF155 /* clapboard@2x.png */,
				0069FB4F16B49A28001CF155 /* tv.png */,
				0069FB5016B49A28001CF155 /* tv@2x.png */,
				0069FAF816B3C336001CF155 /* textborder.png */,
				0069FAF916B3C336001CF155 /* textborder@2x.png */,
				0069FB6316B4AAE2001CF155 /* Unplayed.png */,
				0069FB6416B4AAE2001CF155 /* Unplayed@2x.png */,
			);
			path = playlists;
			sourceTree = "<group>";
		};
		0000C08D16AE1C0F0009BE81 /* Default */ = {
			isa = PBXGroup;
			children = (
				0000C08E16AE1C0F0009BE81 /* Default-568h@2x.png */,
			);
			path = Default;
			sourceTree = "<group>";
		};
		0028484214AFF295003F5818 /* Resources */ = {
			isa = PBXGroup;
			children = (
				0000C08D16AE1C0F0009BE81 /* Default */,
				0028484314AFF2CD003F5818 /* encoder */,
				0000C06D16ADF0430009BE81 /* playlists */,
				009A1F6216B4E314004AF368 /* button.png */,
				009A1F6316B4E314004AF368 /* button@2x.png */,
			);
			path = Resources;
			sourceTree = "<group>";
		};
		0028484314AFF2CD003F5818 /* encoder */ = {
			isa = PBXGroup;
			children = (
				009A1FA716B513EA004AF368 /* checkmark.png */,
				009A1FA816B513EA004AF368 /* checkmark@2x.png */,
				000A5D2C16B5F9080013C16D /* clock.png */,
				000A5D2D16B5F9080013C16D /* clock@2x.png */,
				0069FB5716B4A0AA001CF155 /* download.png */,
				0069FB5816B4A0AA001CF155 /* download@2x.png */,
			);
			path = encoder;
			sourceTree = "<group>";
		};
		002A0AD61324549D00320A06 = {
			isa = PBXGroup;
			children = (
				0072339616AC0FE9008C1623 /* MyTunes */,
				002A0AE41324549D00320A06 /* Frameworks */,
				002A0AE21324549D00320A06 /* Products */,
				0028484214AFF295003F5818 /* Resources */,
				00DC022E1597EB4E00F891C9 /* Rakefile */,
				007236F116AD47E7008C1623 /* Podfile */,
				DCAD1AC3D37C4A4FA597F994 /* Pods.xcconfig */,
			);
			sourceTree = "<group>";
			usesTabs = 0;
		};
		002A0AE21324549D00320A06 /* Products */ = {
			isa = PBXGroup;
			children = (
				002A0AE11324549D00320A06 /* MyTunes.app */,
			);
			name = Products;
			sourceTree = "<group>";
		};
		002A0AE41324549D00320A06 /* Frameworks */ = {
			isa = PBXGroup;
			children = (
				002A0AE51324549D00320A06 /* UIKit.framework */,
				002A0AE71324549D00320A06 /* Foundation.framework */,
				002A0AE91324549D00320A06 /* CoreGraphics.framework */,
				01277D429E354F1F98E38650 /* libPods.a */,
			);
			name = Frameworks;
			sourceTree = "<group>";
		};
		0069FB2916B4896E001CF155 /* Edit */ = {
			isa = PBXGroup;
			children = (
				0069FB2A16B4896E001CF155 /* MYTEditViewController.h */,
				0069FB2B16B4896E001CF155 /* MYTEditViewController.m */,
				0069FB2C16B4896E001CF155 /* MYTEditViewController.xib */,
				0069FB2D16B4896E001CF155 /* MYTMovieEditViewController.xib */,
				0069FB2E16B4896E001CF155 /* MYTTVShowEditViewController.xib */,
			);
			path = Edit;
			sourceTree = "<group>";
		};
		0069FB3316B48F5B001CF155 /* Split View */ = {
			isa = PBXGroup;
			children = (
				0069FB3816B48F5C001CF155 /* MYTLibrarySplitViewController.h */,
				0069FB3916B48F5C001CF155 /* MYTLibrarySplitViewController.m */,
				0069FB3A16B48F5C001CF155 /* MYTLibrarySplitViewController.xib */,
				0069FB3516B48F5C001CF155 /* MYTLibraryListViewController.h */,
				0069FB3616B48F5C001CF155 /* MYTLibraryListViewController.m */,
				0069FB3716B48F5C001CF155 /* MYTLibraryListViewController.xib */,
				004843FF16B4C39F0098843E /* MYTLibraryHeader.h */,
				0048440016B4C39F0098843E /* MYTLibraryHeader.m */,
				0048440216B4C3AF0098843E /* MYTLibraryHeader.xib */,
				0069FB3B16B48F5C001CF155 /* MYTPlaylistCell.h */,
				0069FB3C16B48F5C001CF155 /* MYTPlaylistCell.m */,
				0069FB3416B48F5C001CF155 /* MMPlaylistCell.xib */,
			);
			path = "Split View";
			sourceTree = "<group>";
		};
		0069FB4316B492F5001CF155 /* Encoder */ = {
			isa = PBXGroup;
			children = (
				0069FB4416B49312001CF155 /* MYTEncoderDataSource.h */,
				0069FB4516B49312001CF155 /* MYTEncoderDataSource.m */,
				009A1FA216B51392004AF368 /* MYTEncoderResourceCell.h */,
				009A1FA316B51392004AF368 /* MYTEncoderResourceCell.m */,
				009A1FAB16B5150D004AF368 /* MYTEncoderResourceCell.xib */,
				009A1FA516B513A1004AF368 /* MYTEncoderResourceActiveCell.xib */,
			);
			path = Encoder;
			sourceTree = "<group>";
		};
		0072339616AC0FE9008C1623 /* MyTunes */ = {
			isa = PBXGroup;
			children = (
				0072339716AC0FE9008C1623 /* Domain */,
				007235FC16ACCB33008C1623 /* Store */,
				007233BD16AC0FE9008C1623 /* view */,
				007233B816AC0FE9008C1623 /* util */,
				0072348E16AC19D3008C1623 /* Supporting Files */,
			);
			path = MyTunes;
			sourceTree = "<group>";
		};
		0072339716AC0FE9008C1623 /* Domain */ = {
			isa = PBXGroup;
			children = (
				0072339816AC0FE9008C1623 /* assembler */,
				007233A016AC0FE9008C1623 /* encoder */,
				0000C04816ADEAB10009BE81 /* playlist */,
				007233A916AC0FE9008C1623 /* server */,
			);
			name = Domain;
			path = domain;
			sourceTree = "<group>";
		};
		0072339816AC0FE9008C1623 /* assembler */ = {
			isa = PBXGroup;
			children = (
				0072339916AC0FE9008C1623 /* MMContentAssembler+Client.h */,
				0072339A16AC0FE9008C1623 /* MMContentAssembler+Client.m */,
				0072339B16AC0FE9008C1623 /* MMTitleAssembler+Client.h */,
				0072339C16AC0FE9008C1623 /* MMTitleAssembler+Client.m */,
			);
			path = assembler;
			sourceTree = "<group>";
		};
		007233A016AC0FE9008C1623 /* encoder */ = {
			isa = PBXGroup;
			children = (
				009A1F9F16B50955004AF368 /* MMEncoderResources.h */,
				009A1FA016B50955004AF368 /* MMEncoderResources.m */,
			);
			path = encoder;
			sourceTree = "<group>";
		};
		007233A916AC0FE9008C1623 /* server */ = {
			isa = PBXGroup;
			children = (
				007233AA16AC0FE9008C1623 /* MYTServer.h */,
				007233AB16AC0FE9008C1623 /* MYTServer.m */,
			);
			path = server;
			sourceTree = "<group>";
		};
		007233B816AC0FE9008C1623 /* util */ = {
			isa = PBXGroup;
			children = (
				007233B916AC0FE9008C1623 /* NSNumber+NonZero.h */,
				007233BA16AC0FE9008C1623 /* NSNumber+NonZero.m */,
			);
			path = util;
			sourceTree = "<group>";
		};
		007233BD16AC0FE9008C1623 /* view */ = {
			isa = PBXGroup;
			children = (
				007233BE16AC0FE9008C1623 /* Home */,
				0072367316AD1318008C1623 /* Library */,
				0069FB2916B4896E001CF155 /* Edit */,
				009A1FAD16B51DB3004AF368 /* Encoder */,
			);
			path = view;
			sourceTree = "<group>";
		};
		007233BE16AC0FE9008C1623 /* Home */ = {
			isa = PBXGroup;
			children = (
				007233C316AC0FE9008C1623 /* MYTHomeViewController.h */,
				007233C416AC0FE9008C1623 /* MYTHomeViewController.m */,
				007233C116AC0FE9008C1623 /* MYTHomeViewController_iPad.xib */,
				007233C216AC0FE9008C1623 /* MYTHomeViewController_iPhone.xib */,
				0072365816AD0817008C1623 /* MYTServerView.h */,
				0072365916AD0817008C1623 /* MYTServerView.m */,
				0072365616AD0815008C1623 /* MYTServerView_iPad.xib */,
				0072365716AD0816008C1623 /* MYTServerView_iPhone.xib */,
			);
			name = Home;
			path = home;
			sourceTree = "<group>";
		};
		0072348E16AC19D3008C1623 /* Supporting Files */ = {
			isa = PBXGroup;
			children = (
				0072348F16AC19D3008C1623 /* InfoPlist.strings */,
				0072349016AC19D3008C1623 /* main.m */,
				0072349116AC19D3008C1623 /* MainWindow_iPad.xib */,
				0072349216AC19D3008C1623 /* MainWindow_iPhone.xib */,
				0072349316AC19D3008C1623 /* MYTAppDelegate.h */,
				0072349416AC19D3008C1623 /* MYTAppDelegate.m */,
				0072349516AC19D3008C1623 /* MyTunes-Info.plist */,
				0072349616AC19D3008C1623 /* MyTunes-Prefix.pch */,
			);
			name = "Supporting Files";
			path = SupportingFiles;
			sourceTree = "<group>";
		};
		007235FC16ACCB33008C1623 /* Store */ = {
			isa = PBXGroup;
			children = (
				009A1F9A16B507F3004AF368 /* Encoder */,
				007236E816AD443B008C1623 /* Library */,
				0072361616ACF80B008C1623 /* Server */,
			);
			path = Store;
			sourceTree = "<group>";
		};
		0072361616ACF80B008C1623 /* Server */ = {
			isa = PBXGroup;
			children = (
				0072361816ACF82B008C1623 /* MYTServerStore.h */,
				0072361916ACF82B008C1623 /* MYTServerStore.m */,
				0072361B16ACF921008C1623 /* MYTServerStoreDelegate.h */,
			);
			path = Server;
			sourceTree = "<group>";
		};
		0072367316AD1318008C1623 /* Library */ = {
			isa = PBXGroup;
			children = (
				0069FB3316B48F5B001CF155 /* Split View */,
				0069FB4316B492F5001CF155 /* Encoder */,
				0072373616AD573B008C1623 /* Movie */,
				0000C03216AD59C20009BE81 /* TVShow */,
				0000C07716ADF8890009BE81 /* MYTPlaylistContentDataSource.h */,
				0072372E16AD54CD008C1623 /* MYTPlaylistViewController.h */,
				0072372F16AD54CE008C1623 /* MYTPlaylistViewController.m */,
				0072373116AD54E4008C1623 /* MYTPlaylistViewController.xib */,
				0069FB5516B49B3D001CF155 /* MYPlaylistTabViewController.xib */,
				0000C07E16AE05270009BE81 /* MYTContentCell.h */,
				0000C07F16AE05270009BE81 /* MYTContentCell.m */,
			);
			path = Library;
			sourceTree = "<group>";
		};
		007236E816AD443B008C1623 /* Library */ = {
			isa = PBXGroup;
			children = (
				007236E916AD444A008C1623 /* MYTLibraryStore.h */,
				007236EA16AD444A008C1623 /* MYTLibraryStore.m */,
			);
			path = Library;
			sourceTree = "<group>";
		};
		0072373616AD573B008C1623 /* Movie */ = {
			isa = PBXGroup;
			children = (
				0072373716AD573F008C1623 /* MYTMoviePlaylistDataSource.h */,
				0072373816AD573F008C1623 /* MYTMoviePlaylistDataSource.m */,
				0000C03016AD577D0009BE81 /* MYTMovieCell.xib */,
			);
			path = Movie;
			sourceTree = "<group>";
		};
		009A1F9A16B507F3004AF368 /* Encoder */ = {
			isa = PBXGroup;
			children = (
				009A1F9C16B50801004AF368 /* MYTEncoderStore.h */,
				009A1F9D16B50801004AF368 /* MYTEncoderStore.m */,
			);
			path = Encoder;
			sourceTree = "<group>";
		};
		009A1FAD16B51DB3004AF368 /* Encoder */ = {
			isa = PBXGroup;
			children = (
				009A1FAE16B51DCA004AF368 /* MYTTitleListViewController.h */,
				009A1FAF16B51DCA004AF368 /* MYTTitleListViewController.m */,
				009A1FB116B51E01004AF368 /* MYTTitleListViewController.xib */,
				009A1FB316B524B2004AF368 /* MYTTitleCell.h */,
				009A1FB416B524B2004AF368 /* MYTTitleCell.m */,
				009A1FB616B524C5004AF368 /* MYTTitleCell.xib */,
				000A5D0316B539890013C16D /* MYTAudioSubtitleTrackCell.h */,
				000A5D0416B5398A0013C16D /* MYTAudioSubtitleTrackCell.m */,
				000A5D0616B539960013C16D /* MYTAudioSubtitleTrackCell.xib */,
			);
			path = Encoder;
			sourceTree = "<group>";
		};
/* End PBXGroup section */

/* Begin PBXLegacyTarget section */
		007236DB16AD424A008C1623 /* Pod Update */ = {
			isa = PBXLegacyTarget;
			buildArgumentsString = update;
			buildConfigurationList = 007236DE16AD424A008C1623 /* Build configuration list for PBXLegacyTarget "Pod Update" */;
			buildPhases = (
			);
			buildToolPath = /usr/bin/pod;
			buildWorkingDirectory = "";
			dependencies = (
			);
			name = "Pod Update";
			passBuildSettingsInEnvironment = 1;
			productName = "Pod Update";
		};
/* End PBXLegacyTarget section */

/* Begin PBXNativeTarget section */
		002A0AE01324549D00320A06 /* MyTunes */ = {
			isa = PBXNativeTarget;
			buildConfigurationList = 002A0B181324549D00320A06 /* Build configuration list for PBXNativeTarget "MyTunes" */;
			buildPhases = (
				002A0ADD1324549D00320A06 /* Sources */,
				002A0ADE1324549D00320A06 /* Frameworks */,
				002A0ADF1324549D00320A06 /* Resources */,
				352870551BC44C9A9E2A48BA /* Copy Pods Resources */,
			);
			buildRules = (
			);
			dependencies = (
			);
			name = MyTunes;
			productName = MediaManagement;
			productReference = 002A0AE11324549D00320A06 /* MyTunes.app */;
			productType = "com.apple.product-type.application";
		};
/* End PBXNativeTarget section */

/* Begin PBXProject section */
		002A0AD81324549D00320A06 /* Project object */ = {
			isa = PBXProject;
			attributes = {
				CLASSPREFIX = MYT;
				LastUpgradeCheck = 0500;
				TargetAttributes = {
					002A0AE01324549D00320A06 = {
						DevelopmentTeam = M4K8W5WXT2;
					};
				};
			};
			buildConfigurationList = 002A0ADB1324549D00320A06 /* Build configuration list for PBXProject "MyTunes" */;
			compatibilityVersion = "Xcode 3.2";
			developmentRegion = English;
			hasScannedForEncodings = 0;
			knownRegions = (
				en,
			);
			mainGroup = 002A0AD61324549D00320A06;
			productRefGroup = 002A0AE21324549D00320A06 /* Products */;
			projectDirPath = "";
			projectRoot = "";
			targets = (
				002A0AE01324549D00320A06 /* MyTunes */,
				007236DB16AD424A008C1623 /* Pod Update */,
			);
		};
/* End PBXProject section */

/* Begin PBXResourcesBuildPhase section */
		002A0ADF1324549D00320A06 /* Resources */ = {
			isa = PBXResourcesBuildPhase;
			buildActionMask = 2147483647;
			files = (
				0072342816AC0FE9008C1623 /* MYTHomeViewController_iPad.xib in Resources */,
				0072342916AC0FE9008C1623 /* MYTHomeViewController_iPhone.xib in Resources */,
				0072349716AC19D3008C1623 /* InfoPlist.strings in Resources */,
				0072349916AC19D3008C1623 /* MainWindow_iPad.xib in Resources */,
				0072349A16AC19D3008C1623 /* MainWindow_iPhone.xib in Resources */,
				0072365A16AD0818008C1623 /* MYTServerView_iPad.xib in Resources */,
				0072365B16AD0818008C1623 /* MYTServerView_iPhone.xib in Resources */,
				0072373216AD54E8008C1623 /* MYTPlaylistViewController.xib in Resources */,
				0000C03116AD577D0009BE81 /* MYTMovieCell.xib in Resources */,
				0000C08216AE05430009BE81 /* MYTTVShowCell.xib in Resources */,
				0000C08F16AE1C0F0009BE81 /* Default-568h@2x.png in Resources */,
				0069FAFA16B3C336001CF155 /* textborder.png in Resources */,
				0069FAFB16B3C336001CF155 /* textborder@2x.png in Resources */,
				0069FB3016B4896E001CF155 /* MYTEditViewController.xib in Resources */,
				0069FB3116B4896E001CF155 /* MYTMovieEditViewController.xib in Resources */,
				0069FB3216B4896E001CF155 /* MYTTVShowEditViewController.xib in Resources */,
				0069FB3D16B48F5C001CF155 /* MMPlaylistCell.xib in Resources */,
				0069FB3F16B48F5C001CF155 /* MYTLibraryListViewController.xib in Resources */,
				0069FB4116B48F5C001CF155 /* MYTLibrarySplitViewController.xib in Resources */,
				0069FB5316B49A28001CF155 /* tv.png in Resources */,
				0069FB5416B49A28001CF155 /* tv@2x.png in Resources */,
				0069FB5616B49B3E001CF155 /* MYPlaylistTabViewController.xib in Resources */,
				0069FB5B16B4A0AA001CF155 /* download.png in Resources */,
				0069FB5C16B4A0AA001CF155 /* download@2x.png in Resources */,
				0069FB6116B4A0DE001CF155 /* clapboard.png in Resources */,
				0069FB6216B4A0DE001CF155 /* clapboard@2x.png in Resources */,
				0069FB6516B4AAE2001CF155 /* Unplayed.png in Resources */,
				0069FB6616B4AAE2001CF155 /* Unplayed@2x.png in Resources */,
				0069FB6816B4B0B5001CF155 /* MYTTVShowHeader.xib in Resources */,
				0048440316B4C3AF0098843E /* MYTLibraryHeader.xib in Resources */,
				009A1F6416B4E314004AF368 /* button.png in Resources */,
				009A1F6516B4E314004AF368 /* button@2x.png in Resources */,
				009A1FA616B513A1004AF368 /* MYTEncoderResourceActiveCell.xib in Resources */,
				009A1FA916B513EA004AF368 /* checkmark.png in Resources */,
				009A1FAA16B513EA004AF368 /* checkmark@2x.png in Resources */,
				009A1FAC16B5150D004AF368 /* MYTEncoderResourceCell.xib in Resources */,
				009A1FB216B51E01004AF368 /* MYTTitleListViewController.xib in Resources */,
				009A1FB716B524C5004AF368 /* MYTTitleCell.xib in Resources */,
				000A5D0716B539960013C16D /* MYTAudioSubtitleTrackCell.xib in Resources */,
				000A5D2E16B5F9080013C16D /* clock.png in Resources */,
				000A5D2F16B5F9080013C16D /* clock@2x.png in Resources */,
			);
			runOnlyForDeploymentPostprocessing = 0;
		};
/* End PBXResourcesBuildPhase section */

/* Begin PBXShellScriptBuildPhase section */
		352870551BC44C9A9E2A48BA /* Copy Pods Resources */ = {
			isa = PBXShellScriptBuildPhase;
			buildActionMask = 2147483647;
			files = (
			);
			inputPaths = (
			);
			name = "Copy Pods Resources";
			outputPaths = (
			);
			runOnlyForDeploymentPostprocessing = 0;
			shellPath = /bin/sh;
			shellScript = "\"${SRCROOT}/Pods/Pods-resources.sh\"\n";
		};
/* End PBXShellScriptBuildPhase section */

/* Begin PBXSourcesBuildPhase section */
		002A0ADD1324549D00320A06 /* Sources */ = {
			isa = PBXSourcesBuildPhase;
			buildActionMask = 2147483647;
			files = (
				0072341716AC0FE9008C1623 /* MMContentAssembler+Client.m in Sources */,
				0072341816AC0FE9008C1623 /* MMTitleAssembler+Client.m in Sources */,
				0072341D16AC0FE9008C1623 /* MYTServer.m in Sources */,
				0072342516AC0FE9008C1623 /* NSNumber+NonZero.m in Sources */,
				0072342A16AC0FE9008C1623 /* MYTHomeViewController.m in Sources */,
				0072349816AC19D3008C1623 /* main.m in Sources */,
				0072349B16AC19D3008C1623 /* MYTAppDelegate.m in Sources */,
				0072361A16ACF82B008C1623 /* MYTServerStore.m in Sources */,
				0072365C16AD0818008C1623 /* MYTServerView.m in Sources */,
				007236EB16AD444A008C1623 /* MYTLibraryStore.m in Sources */,
				0072373016AD54CF008C1623 /* MYTPlaylistViewController.m in Sources */,
				0072373916AD573F008C1623 /* MYTMoviePlaylistDataSource.m in Sources */,
				0000C05316ADEAB10009BE81 /* MMMoviesPlaylist.m in Sources */,
				0000C05416ADEAB10009BE81 /* MMTVShow.m in Sources */,
				0000C05516ADEAB10009BE81 /* MMTVShowPlaylist.m in Sources */,
				0000C05616ADEAB10009BE81 /* MMTVShowSeason.m in Sources */,
				0000C07A16ADFCD70009BE81 /* MYTTVShowPlaylistDataSource.m in Sources */,
				0000C08016AE05280009BE81 /* MYTContentCell.m in Sources */,
				0069FB2F16B4896E001CF155 /* MYTEditViewController.m in Sources */,
				0069FB3E16B48F5C001CF155 /* MYTLibraryListViewController.m in Sources */,
				0069FB4016B48F5C001CF155 /* MYTLibrarySplitViewController.m in Sources */,
				0069FB4216B48F5C001CF155 /* MYTPlaylistCell.m in Sources */,
				0069FB4616B49312001CF155 /* MYTEncoderDataSource.m in Sources */,
				0069FB6B16B4B112001CF155 /* MYTTVShowHeader.m in Sources */,
				0048440116B4C39F0098843E /* MYTLibraryHeader.m in Sources */,
				009A1F9E16B50801004AF368 /* MYTEncoderStore.m in Sources */,
				009A1FA116B50955004AF368 /* MMEncoderResources.m in Sources */,
				009A1FA416B51392004AF368 /* MYTEncoderResourceCell.m in Sources */,
				009A1FB016B51DCA004AF368 /* MYTTitleListViewController.m in Sources */,
				009A1FB516B524B2004AF368 /* MYTTitleCell.m in Sources */,
				000A5D0516B5398A0013C16D /* MYTAudioSubtitleTrackCell.m in Sources */,
			);
			runOnlyForDeploymentPostprocessing = 0;
		};
/* End PBXSourcesBuildPhase section */

/* Begin XCBuildConfiguration section */
		002A0B161324549D00320A06 /* Debug */ = {
			isa = XCBuildConfiguration;
			buildSettings = {
				CLANG_ENABLE_OBJC_ARC = YES;
				CODE_SIGN_IDENTITY = "iPhone Developer";
				COPY_PHASE_STRIP = NO;
				GCC_C_LANGUAGE_STANDARD = gnu99;
				GCC_OPTIMIZATION_LEVEL = 0;
				GCC_PREPROCESSOR_DEFINITIONS = DEBUG;
				GCC_SYMBOLS_PRIVATE_EXTERN = NO;
				GCC_WARN_ABOUT_RETURN_TYPE = YES;
				GCC_WARN_UNUSED_VARIABLE = YES;
				IPHONEOS_DEPLOYMENT_TARGET = 6.0;
				ONLY_ACTIVE_ARCH = YES;
				OTHER_LDFLAGS = (
					"${inherited}",
					"-ObjC",
				);
				PROVISIONING_PROFILE = "";
				SDKROOT = iphoneos;
				TARGETED_DEVICE_FAMILY = "1,2";
			};
			name = Debug;
		};
		002A0B171324549D00320A06 /* Release */ = {
			isa = XCBuildConfiguration;
			buildSettings = {
				CLANG_ENABLE_OBJC_ARC = YES;
				CODE_SIGN_IDENTITY = "iPhone Developer";
				GCC_C_LANGUAGE_STANDARD = gnu99;
				GCC_WARN_ABOUT_RETURN_TYPE = YES;
				GCC_WARN_UNUSED_VARIABLE = YES;
				IPHONEOS_DEPLOYMENT_TARGET = 6.0;
				OTHER_CFLAGS = "-DNS_BLOCK_ASSERTIONS=1";
				OTHER_LDFLAGS = (
					"${inherited}",
					"-ObjC",
				);
				PROVISIONING_PROFILE = "";
				SDKROOT = iphoneos;
				TARGETED_DEVICE_FAMILY = "1,2";
			};
			name = Release;
		};
		002A0B191324549D00320A06 /* Debug */ = {
			isa = XCBuildConfiguration;
			baseConfigurationReference = DCAD1AC3D37C4A4FA597F994 /* Pods.xcconfig */;
			buildSettings = {
				CLANG_ENABLE_OBJC_ARC = YES;
				CODE_SIGN_IDENTITY = "iPhone Developer: Olivier Laravaine (A4SY3N7VVC)";
				GCC_PRECOMPILE_PREFIX_HEADER = YES;
				GCC_PREFIX_HEADER = "MyTunes/SupportingFiles/MyTunes-Prefix.pch";
				INFOPLIST_FILE = "MyTunes/SupportingFiles/MyTunes-Info.plist";
				OTHER_CFLAGS = "-v";
				PRODUCT_NAME = MyTunes;
				WRAPPER_EXTENSION = app;
			};
			name = Debug;
		};
		002A0B1A1324549D00320A06 /* Release */ = {
			isa = XCBuildConfiguration;
			baseConfigurationReference = DCAD1AC3D37C4A4FA597F994 /* Pods.xcconfig */;
			buildSettings = {
				CLANG_ENABLE_OBJC_ARC = YES;
				CODE_SIGN_IDENTITY = "iPhone Developer: Olivier Laravaine (A4SY3N7VVC)";
				GCC_PRECOMPILE_PREFIX_HEADER = YES;
				GCC_PREFIX_HEADER = "MyTunes/SupportingFiles/MyTunes-Prefix.pch";
				INFOPLIST_FILE = "MyTunes/SupportingFiles/MyTunes-Info.plist";
				PRODUCT_NAME = MyTunes;
				VALIDATE_PRODUCT = YES;
				WRAPPER_EXTENSION = app;
			};
			name = Release;
		};
		007236DC16AD424A008C1623 /* Debug */ = {
			isa = XCBuildConfiguration;
			buildSettings = {
				ALWAYS_SEARCH_USER_PATHS = NO;
				CLANG_CXX_LANGUAGE_STANDARD = "gnu++0x";
				CLANG_CXX_LIBRARY = "libc++";
				CLANG_WARN_EMPTY_BODY = YES;
				CLANG_WARN__DUPLICATE_METHOD_MATCH = YES;
				DEBUGGING_SYMBOLS = YES;
				GCC_DYNAMIC_NO_PIC = NO;
				GCC_ENABLE_OBJC_EXCEPTIONS = YES;
				GCC_GENERATE_DEBUGGING_SYMBOLS = YES;
				GCC_OPTIMIZATION_LEVEL = 0;
				GCC_PREPROCESSOR_DEFINITIONS = (
					"DEBUG=1",
					"$(inherited)",
				);
				GCC_WARN_64_TO_32_BIT_CONVERSION = YES;
				GCC_WARN_UNINITIALIZED_AUTOS = YES;
				MACOSX_DEPLOYMENT_TARGET = 10.8;
				ONLY_ACTIVE_ARCH = YES;
				OTHER_CFLAGS = "";
				OTHER_LDFLAGS = "";
				PRODUCT_NAME = "$(TARGET_NAME)";
				SDKROOT = macosx;
			};
			name = Debug;
		};
		007236DD16AD424A008C1623 /* Release */ = {
			isa = XCBuildConfiguration;
			buildSettings = {
				ALWAYS_SEARCH_USER_PATHS = NO;
				CLANG_CXX_LANGUAGE_STANDARD = "gnu++0x";
				CLANG_CXX_LIBRARY = "libc++";
				CLANG_WARN_EMPTY_BODY = YES;
				CLANG_WARN__DUPLICATE_METHOD_MATCH = YES;
				COPY_PHASE_STRIP = YES;
				DEBUG_INFORMATION_FORMAT = "dwarf-with-dsym";
				GCC_ENABLE_OBJC_EXCEPTIONS = YES;
				GCC_WARN_64_TO_32_BIT_CONVERSION = YES;
				GCC_WARN_UNINITIALIZED_AUTOS = YES;
				MACOSX_DEPLOYMENT_TARGET = 10.8;
				OTHER_CFLAGS = "";
				OTHER_LDFLAGS = "";
				PRODUCT_NAME = "$(TARGET_NAME)";
				SDKROOT = macosx;
			};
			name = Release;
		};
/* End XCBuildConfiguration section */

/* Begin XCConfigurationList section */
		002A0ADB1324549D00320A06 /* Build configuration list for PBXProject "MyTunes" */ = {
			isa = XCConfigurationList;
			buildConfigurations = (
				002A0B161324549D00320A06 /* Debug */,
				002A0B171324549D00320A06 /* Release */,
			);
			defaultConfigurationIsVisible = 0;
			defaultConfigurationName = Release;
		};
		002A0B181324549D00320A06 /* Build configuration list for PBXNativeTarget "MyTunes" */ = {
			isa = XCConfigurationList;
			buildConfigurations = (
				002A0B191324549D00320A06 /* Debug */,
				002A0B1A1324549D00320A06 /* Release */,
			);
			defaultConfigurationIsVisible = 0;
			defaultConfigurationName = Release;
		};
		007236DE16AD424A008C1623 /* Build configuration list for PBXLegacyTarget "Pod Update" */ = {
			isa = XCConfigurationList;
			buildConfigurations = (
				007236DC16AD424A008C1623 /* Debug */,
				007236DD16AD424A008C1623 /* Release */,
			);
			defaultConfigurationIsVisible = 0;
			defaultConfigurationName = Release;
		};
/* End XCConfigurationList section */
	};
	rootObject = 002A0AD81324549D00320A06 /* Project object */;
}
